
Microsoft Visual Studio Solution File, Format Version 12.00
# Visual Studio Version 17
VisualStudioVersion = 17.1.32210.238
MinimumVisualStudioVersion = 10.0.40219.1
Project("{9A19103F-16F7-4668-BE54-9A1E7A4F7556}") = "Task34", "Task34\Task34.csproj", "{175411AF-1523-4CC2-BB43-53750B32D78D}"
EndProject
Project("{9A19103F-16F7-4668-BE54-9A1E7A4F7556}") = "Task38", "Task38\Task38.csproj", "{56EFD986-C78F-4719-8BCF-D497BAD374B9}"
EndProject
Project("{9A19103F-16F7-4668-BE54-9A1E7A4F7556}") = "Task36", "Task36\Task36.csproj", "{D7640BCA-CA0E-44BA-92D3-36B2A826967E}"
EndProject
Global
	GlobalSection(SolutionConfigurationPlatforms) = preSolution
		Debug|Any CPU = Debug|Any CPU
		Release|Any CPU = Release|Any CPU
	EndGlobalSection
	GlobalSection(ProjectConfigurationPlatforms) = postSolution
		{175411AF-1523-4CC2-BB43-53750B32D78D}.Debug|Any CPU.ActiveCfg = Debug|Any CPU
		{175411AF-1523-4CC2-BB43-53750B32D78D}.Debug|Any CPU.Build.0 = Debug|Any CPU
		{175411AF-1523-4CC2-BB43-53750B32D78D}.Release|Any CPU.ActiveCfg = Release|Any CPU
		{175411AF-1523-4CC2-BB43-53750B32D78D}.Release|Any CPU.Build.0 = Release|Any CPU
		{56EFD986-C78F-4719-8BCF-D497BAD374B9}.Debug|Any CPU.ActiveCfg = Debug|Any CPU
		{56EFD986-C78F-4719-8BCF-D497BAD374B9}.Debug|Any CPU.Build.0 = Debug|Any CPU
		{56EFD986-C78F-4719-8BCF-D497BAD374B9}.Release|Any CPU.ActiveCfg = Release|Any CPU
		{56EFD986-C78F-4719-8BCF-D497BAD374B9}.Release|Any CPU.Build.0 = Release|Any CPU
		{D7640BCA-CA0E-44BA-92D3-36B2A826967E}.Debug|Any CPU.ActiveCfg = Debug|Any CPU
		{D7640BCA-CA0E-44BA-92D3-36B2A826967E}.Debug|Any CPU.Build.0 = Debug|Any CPU
		{D7640BCA-CA0E-44BA-92D3-36B2A826967E}.Release|Any CPU.ActiveCfg = Release|Any CPU
		{D7640BCA-CA0E-44BA-92D3-36B2A826967E}.Release|Any CPU.Build.0 = Release|Any CPU
	EndGlobalSection
	GlobalSection(SolutionProperties) = preSolution
		HideSolutionNode = FALSE
	EndGlobalSection
	GlobalSection(ExtensibilityGlobals) = postSolution
		SolutionGuid = {2DD2BD96-C228-4104-AE40-ECD63DFEB53C}
	EndGlobalSection
EndGlobal
