
Microsoft Visual Studio Solution File, Format Version 12.00
# Visual Studio Version 17
VisualStudioVersion = 17.1.32210.238
MinimumVisualStudioVersion = 10.0.40219.1
Project("{9A19103F-16F7-4668-BE54-9A1E7A4F7556}") = "Factorization", "Factorization.csproj", "{7102F775-5211-4B21-80DE-F5CAC160A83C}"
EndProject
Global
	GlobalSection(SolutionConfigurationPlatforms) = preSolution
		Debug|Any CPU = Debug|Any CPU
		Release|Any CPU = Release|Any CPU
	EndGlobalSection
	GlobalSection(ProjectConfigurationPlatforms) = postSolution
		{7102F775-5211-4B21-80DE-F5CAC160A83C}.Debug|Any CPU.ActiveCfg = Debug|Any CPU
		{7102F775-5211-4B21-80DE-F5CAC160A83C}.Debug|Any CPU.Build.0 = Debug|Any CPU
		{7102F775-5211-4B21-80DE-F5CAC160A83C}.Release|Any CPU.ActiveCfg = Release|Any CPU
		{7102F775-5211-4B21-80DE-F5CAC160A83C}.Release|Any CPU.Build.0 = Release|Any CPU
	EndGlobalSection
	GlobalSection(SolutionProperties) = preSolution
		HideSolutionNode = FALSE
	EndGlobalSection
	GlobalSection(ExtensibilityGlobals) = postSolution
		SolutionGuid = {3C924AB5-8E15-4A9E-A787-3DCFC974BF84}
	EndGlobalSection
EndGlobal
