
Microsoft Visual Studio Solution File, Format Version 12.00
# Visual Studio Version 17
VisualStudioVersion = 17.1.32210.238
MinimumVisualStudioVersion = 10.0.40219.1
Project("{9A19103F-16F7-4668-BE54-9A1E7A4F7556}") = "HomeWork", "HomeWork.csproj", "{652FFA64-133B-4C14-A276-D4EE72F51417}"
EndProject
Project("{9A19103F-16F7-4668-BE54-9A1E7A4F7556}") = "Task26", "..\Task26\Task26.csproj", "{F1EC74B1-D2AF-4F82-B7D7-F81FB7A78DE0}"
EndProject
Project("{9A19103F-16F7-4668-BE54-9A1E7A4F7556}") = "Task28", "..\Task28\Task28.csproj", "{F2EB0D7B-25AC-4DFD-94F3-FAF74C082009}"
EndProject
Project("{9A19103F-16F7-4668-BE54-9A1E7A4F7556}") = "Task76", "..\Task76\Task76.csproj", "{134F1220-4F9A-4EC5-B51A-797DA2256387}"
EndProject
Project("{9A19103F-16F7-4668-BE54-9A1E7A4F7556}") = "Task71(Akkerman)", "..\Task71(Akkerman)\Task71(Akkerman).csproj", "{E7A441F7-35BF-4942-9067-49B2D7F4B60B}"
EndProject
Project("{9A19103F-16F7-4668-BE54-9A1E7A4F7556}") = "Task75", "..\Task75\Task75.csproj", "{4074D42D-A4F8-4AC0-ACBD-B799DCDDF820}"
EndProject
Project("{9A19103F-16F7-4668-BE54-9A1E7A4F7556}") = "Task66and67", "..\Task66\Task66and67.csproj", "{1B02B7EE-E1BD-44C7-A462-1C95459BD607}"
EndProject
Project("{9A19103F-16F7-4668-BE54-9A1E7A4F7556}") = "Task70", "..\Task70\Task70.csproj", "{54B3E62A-31F1-4643-A9B8-06511365A204}"
EndProject
Project("{9A19103F-16F7-4668-BE54-9A1E7A4F7556}") = "Task74", "..\Task74\Task74.csproj", "{E3822302-C0F8-4C9B-A332-648DF424E64E}"
EndProject
Project("{9A19103F-16F7-4668-BE54-9A1E7A4F7556}") = "65(SpiralMatrix)", "..\65(SpiralMatrix)\65(SpiralMatrix).csproj", "{C0978ED1-E5D0-46B7-B364-B889DAD7173D}"
EndProject
Project("{9A19103F-16F7-4668-BE54-9A1E7A4F7556}") = "Task45(Fibonacci)", "..\Task45(Fibonacci)\Task45(Fibonacci).csproj", "{00D03155-0A72-4F0E-B135-B02A071CC228}"
EndProject
Project("{9A19103F-16F7-4668-BE54-9A1E7A4F7556}") = "Task60(FreqDictionary)", "..\Task60(FreqDictionary)\Task60(FreqDictionary).csproj", "{47D40DB3-91E6-40BD-B838-14813FCE569B}"
EndProject
Project("{9A19103F-16F7-4668-BE54-9A1E7A4F7556}") = "LongestValidParenthesis", "..\LongestValidParenthesis\LongestValidParenthesis.csproj", "{C5ABC2ED-DBA6-4901-80DE-7617FF93A8B6}"
EndProject
Project("{9A19103F-16F7-4668-BE54-9A1E7A4F7556}") = "PlusOne66", "..\PlusOne66\PlusOne66.csproj", "{34E88D1A-2CA5-432C-B8DF-55F1C3717CDD}"
EndProject
Project("{9A19103F-16F7-4668-BE54-9A1E7A4F7556}") = "Task8", "..\Task8\Task8.csproj", "{89A2DB20-9A20-4367-82DE-F6853A6B6746}"
EndProject
Project("{9A19103F-16F7-4668-BE54-9A1E7A4F7556}") = "Container_With_Most_Water_11", "..\Container_With_Most_Water_11\Container_With_Most_Water_11.csproj", "{4A6F17A0-4012-4416-850F-64BAE763DC6C}"
EndProject
Global
	GlobalSection(SolutionConfigurationPlatforms) = preSolution
		Debug|Any CPU = Debug|Any CPU
		Release|Any CPU = Release|Any CPU
	EndGlobalSection
	GlobalSection(ProjectConfigurationPlatforms) = postSolution
		{652FFA64-133B-4C14-A276-D4EE72F51417}.Debug|Any CPU.ActiveCfg = Debug|Any CPU
		{652FFA64-133B-4C14-A276-D4EE72F51417}.Debug|Any CPU.Build.0 = Debug|Any CPU
		{652FFA64-133B-4C14-A276-D4EE72F51417}.Release|Any CPU.ActiveCfg = Release|Any CPU
		{652FFA64-133B-4C14-A276-D4EE72F51417}.Release|Any CPU.Build.0 = Release|Any CPU
		{F1EC74B1-D2AF-4F82-B7D7-F81FB7A78DE0}.Debug|Any CPU.ActiveCfg = Debug|Any CPU
		{F1EC74B1-D2AF-4F82-B7D7-F81FB7A78DE0}.Debug|Any CPU.Build.0 = Debug|Any CPU
		{F1EC74B1-D2AF-4F82-B7D7-F81FB7A78DE0}.Release|Any CPU.ActiveCfg = Release|Any CPU
		{F1EC74B1-D2AF-4F82-B7D7-F81FB7A78DE0}.Release|Any CPU.Build.0 = Release|Any CPU
		{F2EB0D7B-25AC-4DFD-94F3-FAF74C082009}.Debug|Any CPU.ActiveCfg = Debug|Any CPU
		{F2EB0D7B-25AC-4DFD-94F3-FAF74C082009}.Debug|Any CPU.Build.0 = Debug|Any CPU
		{F2EB0D7B-25AC-4DFD-94F3-FAF74C082009}.Release|Any CPU.ActiveCfg = Release|Any CPU
		{F2EB0D7B-25AC-4DFD-94F3-FAF74C082009}.Release|Any CPU.Build.0 = Release|Any CPU
		{134F1220-4F9A-4EC5-B51A-797DA2256387}.Debug|Any CPU.ActiveCfg = Debug|Any CPU
		{134F1220-4F9A-4EC5-B51A-797DA2256387}.Debug|Any CPU.Build.0 = Debug|Any CPU
		{134F1220-4F9A-4EC5-B51A-797DA2256387}.Release|Any CPU.ActiveCfg = Release|Any CPU
		{134F1220-4F9A-4EC5-B51A-797DA2256387}.Release|Any CPU.Build.0 = Release|Any CPU
		{E7A441F7-35BF-4942-9067-49B2D7F4B60B}.Debug|Any CPU.ActiveCfg = Debug|Any CPU
		{E7A441F7-35BF-4942-9067-49B2D7F4B60B}.Debug|Any CPU.Build.0 = Debug|Any CPU
		{E7A441F7-35BF-4942-9067-49B2D7F4B60B}.Release|Any CPU.ActiveCfg = Release|Any CPU
		{E7A441F7-35BF-4942-9067-49B2D7F4B60B}.Release|Any CPU.Build.0 = Release|Any CPU
		{4074D42D-A4F8-4AC0-ACBD-B799DCDDF820}.Debug|Any CPU.ActiveCfg = Debug|Any CPU
		{4074D42D-A4F8-4AC0-ACBD-B799DCDDF820}.Debug|Any CPU.Build.0 = Debug|Any CPU
		{4074D42D-A4F8-4AC0-ACBD-B799DCDDF820}.Release|Any CPU.ActiveCfg = Release|Any CPU
		{4074D42D-A4F8-4AC0-ACBD-B799DCDDF820}.Release|Any CPU.Build.0 = Release|Any CPU
		{1B02B7EE-E1BD-44C7-A462-1C95459BD607}.Debug|Any CPU.ActiveCfg = Debug|Any CPU
		{1B02B7EE-E1BD-44C7-A462-1C95459BD607}.Debug|Any CPU.Build.0 = Debug|Any CPU
		{1B02B7EE-E1BD-44C7-A462-1C95459BD607}.Release|Any CPU.ActiveCfg = Release|Any CPU
		{1B02B7EE-E1BD-44C7-A462-1C95459BD607}.Release|Any CPU.Build.0 = Release|Any CPU
		{54B3E62A-31F1-4643-A9B8-06511365A204}.Debug|Any CPU.ActiveCfg = Debug|Any CPU
		{54B3E62A-31F1-4643-A9B8-06511365A204}.Debug|Any CPU.Build.0 = Debug|Any CPU
		{54B3E62A-31F1-4643-A9B8-06511365A204}.Release|Any CPU.ActiveCfg = Release|Any CPU
		{54B3E62A-31F1-4643-A9B8-06511365A204}.Release|Any CPU.Build.0 = Release|Any CPU
		{E3822302-C0F8-4C9B-A332-648DF424E64E}.Debug|Any CPU.ActiveCfg = Debug|Any CPU
		{E3822302-C0F8-4C9B-A332-648DF424E64E}.Debug|Any CPU.Build.0 = Debug|Any CPU
		{E3822302-C0F8-4C9B-A332-648DF424E64E}.Release|Any CPU.ActiveCfg = Release|Any CPU
		{E3822302-C0F8-4C9B-A332-648DF424E64E}.Release|Any CPU.Build.0 = Release|Any CPU
		{C0978ED1-E5D0-46B7-B364-B889DAD7173D}.Debug|Any CPU.ActiveCfg = Debug|Any CPU
		{C0978ED1-E5D0-46B7-B364-B889DAD7173D}.Debug|Any CPU.Build.0 = Debug|Any CPU
		{C0978ED1-E5D0-46B7-B364-B889DAD7173D}.Release|Any CPU.ActiveCfg = Release|Any CPU
		{C0978ED1-E5D0-46B7-B364-B889DAD7173D}.Release|Any CPU.Build.0 = Release|Any CPU
		{00D03155-0A72-4F0E-B135-B02A071CC228}.Debug|Any CPU.ActiveCfg = Debug|Any CPU
		{00D03155-0A72-4F0E-B135-B02A071CC228}.Debug|Any CPU.Build.0 = Debug|Any CPU
		{00D03155-0A72-4F0E-B135-B02A071CC228}.Release|Any CPU.ActiveCfg = Release|Any CPU
		{00D03155-0A72-4F0E-B135-B02A071CC228}.Release|Any CPU.Build.0 = Release|Any CPU
		{47D40DB3-91E6-40BD-B838-14813FCE569B}.Debug|Any CPU.ActiveCfg = Debug|Any CPU
		{47D40DB3-91E6-40BD-B838-14813FCE569B}.Debug|Any CPU.Build.0 = Debug|Any CPU
		{47D40DB3-91E6-40BD-B838-14813FCE569B}.Release|Any CPU.ActiveCfg = Release|Any CPU
		{47D40DB3-91E6-40BD-B838-14813FCE569B}.Release|Any CPU.Build.0 = Release|Any CPU
		{C5ABC2ED-DBA6-4901-80DE-7617FF93A8B6}.Debug|Any CPU.ActiveCfg = Debug|Any CPU
		{C5ABC2ED-DBA6-4901-80DE-7617FF93A8B6}.Debug|Any CPU.Build.0 = Debug|Any CPU
		{C5ABC2ED-DBA6-4901-80DE-7617FF93A8B6}.Release|Any CPU.ActiveCfg = Release|Any CPU
		{C5ABC2ED-DBA6-4901-80DE-7617FF93A8B6}.Release|Any CPU.Build.0 = Release|Any CPU
		{34E88D1A-2CA5-432C-B8DF-55F1C3717CDD}.Debug|Any CPU.ActiveCfg = Debug|Any CPU
		{34E88D1A-2CA5-432C-B8DF-55F1C3717CDD}.Debug|Any CPU.Build.0 = Debug|Any CPU
		{34E88D1A-2CA5-432C-B8DF-55F1C3717CDD}.Release|Any CPU.ActiveCfg = Release|Any CPU
		{34E88D1A-2CA5-432C-B8DF-55F1C3717CDD}.Release|Any CPU.Build.0 = Release|Any CPU
		{89A2DB20-9A20-4367-82DE-F6853A6B6746}.Debug|Any CPU.ActiveCfg = Debug|Any CPU
		{89A2DB20-9A20-4367-82DE-F6853A6B6746}.Debug|Any CPU.Build.0 = Debug|Any CPU
		{89A2DB20-9A20-4367-82DE-F6853A6B6746}.Release|Any CPU.ActiveCfg = Release|Any CPU
		{89A2DB20-9A20-4367-82DE-F6853A6B6746}.Release|Any CPU.Build.0 = Release|Any CPU
		{4A6F17A0-4012-4416-850F-64BAE763DC6C}.Debug|Any CPU.ActiveCfg = Debug|Any CPU
		{4A6F17A0-4012-4416-850F-64BAE763DC6C}.Debug|Any CPU.Build.0 = Debug|Any CPU
		{4A6F17A0-4012-4416-850F-64BAE763DC6C}.Release|Any CPU.ActiveCfg = Release|Any CPU
		{4A6F17A0-4012-4416-850F-64BAE763DC6C}.Release|Any CPU.Build.0 = Release|Any CPU
	EndGlobalSection
	GlobalSection(SolutionProperties) = preSolution
		HideSolutionNode = FALSE
	EndGlobalSection
	GlobalSection(ExtensibilityGlobals) = postSolution
		SolutionGuid = {B30DE21A-F708-4167-85BE-D23243272E53}
	EndGlobalSection
EndGlobal
