
Microsoft Visual Studio Solution File, Format Version 12.00
# Visual Studio Version 17
VisualStudioVersion = 17.1.32210.238
MinimumVisualStudioVersion = 10.0.40219.1
Project("{9A19103F-16F7-4668-BE54-9A1E7A4F7556}") = "Sort_an_Array_912 (MergeSort)", "Sort_an_Array_912 (MergeSort).csproj", "{CC6DD3CD-7BAA-45F4-9D0D-D2FE125D413A}"
EndProject
Project("{9A19103F-16F7-4668-BE54-9A1E7A4F7556}") = "AuxLib", "..\AuxLib\AuxLib.csproj", "{CF18F8AF-0581-4787-8538-5AE0E00E52F8}"
EndProject
Project("{9A19103F-16F7-4668-BE54-9A1E7A4F7556}") = "QuickSort_HoarePartition", "..\QuickSort_HoarePartition\QuickSort_HoarePartition.csproj", "{629DC53C-F0B8-426A-9D55-212EBCD3FC24}"
EndProject
Global
	GlobalSection(SolutionConfigurationPlatforms) = preSolution
		Debug|Any CPU = Debug|Any CPU
		Release|Any CPU = Release|Any CPU
	EndGlobalSection
	GlobalSection(ProjectConfigurationPlatforms) = postSolution
		{CC6DD3CD-7BAA-45F4-9D0D-D2FE125D413A}.Debug|Any CPU.ActiveCfg = Debug|Any CPU
		{CC6DD3CD-7BAA-45F4-9D0D-D2FE125D413A}.Debug|Any CPU.Build.0 = Debug|Any CPU
		{CC6DD3CD-7BAA-45F4-9D0D-D2FE125D413A}.Release|Any CPU.ActiveCfg = Release|Any CPU
		{CC6DD3CD-7BAA-45F4-9D0D-D2FE125D413A}.Release|Any CPU.Build.0 = Release|Any CPU
		{CF18F8AF-0581-4787-8538-5AE0E00E52F8}.Debug|Any CPU.ActiveCfg = Debug|Any CPU
		{CF18F8AF-0581-4787-8538-5AE0E00E52F8}.Debug|Any CPU.Build.0 = Debug|Any CPU
		{CF18F8AF-0581-4787-8538-5AE0E00E52F8}.Release|Any CPU.ActiveCfg = Release|Any CPU
		{CF18F8AF-0581-4787-8538-5AE0E00E52F8}.Release|Any CPU.Build.0 = Release|Any CPU
		{629DC53C-F0B8-426A-9D55-212EBCD3FC24}.Debug|Any CPU.ActiveCfg = Debug|Any CPU
		{629DC53C-F0B8-426A-9D55-212EBCD3FC24}.Debug|Any CPU.Build.0 = Debug|Any CPU
		{629DC53C-F0B8-426A-9D55-212EBCD3FC24}.Release|Any CPU.ActiveCfg = Release|Any CPU
		{629DC53C-F0B8-426A-9D55-212EBCD3FC24}.Release|Any CPU.Build.0 = Release|Any CPU
	EndGlobalSection
	GlobalSection(SolutionProperties) = preSolution
		HideSolutionNode = FALSE
	EndGlobalSection
	GlobalSection(ExtensibilityGlobals) = postSolution
		SolutionGuid = {89860DFA-AADE-4AB8-8F80-E61EA2AC15F0}
	EndGlobalSection
EndGlobal
