
Microsoft Visual Studio Solution File, Format Version 12.00
# Visual Studio Version 17
VisualStudioVersion = 17.1.32210.238
MinimumVisualStudioVersion = 10.0.40219.1
Project("{9A19103F-16F7-4668-BE54-9A1E7A4F7556}") = "EffectsEngine", "EffectsEngine.csproj", "{F3BA9D67-443F-4F41-BA61-74C216773F98}"
EndProject
Global
	GlobalSection(SolutionConfigurationPlatforms) = preSolution
		Debug|Any CPU = Debug|Any CPU
		Release|Any CPU = Release|Any CPU
	EndGlobalSection
	GlobalSection(ProjectConfigurationPlatforms) = postSolution
		{F3BA9D67-443F-4F41-BA61-74C216773F98}.Debug|Any CPU.ActiveCfg = Debug|Any CPU
		{F3BA9D67-443F-4F41-BA61-74C216773F98}.Debug|Any CPU.Build.0 = Debug|Any CPU
		{F3BA9D67-443F-4F41-BA61-74C216773F98}.Release|Any CPU.ActiveCfg = Release|Any CPU
		{F3BA9D67-443F-4F41-BA61-74C216773F98}.Release|Any CPU.Build.0 = Release|Any CPU
	EndGlobalSection
	GlobalSection(SolutionProperties) = preSolution
		HideSolutionNode = FALSE
	EndGlobalSection
	GlobalSection(ExtensibilityGlobals) = postSolution
		SolutionGuid = {452399EA-B246-46C6-B9CD-66D5231CD784}
	EndGlobalSection
EndGlobal
