
Microsoft Visual Studio Solution File, Format Version 12.00
# Visual Studio Version 17
VisualStudioVersion = 17.1.32210.238
MinimumVisualStudioVersion = 10.0.40219.1
Project("{FAE04EC0-301F-11D3-BF4B-00C04F79EFBC}") = "LALALA", "LALALA\LALALA.csproj", "{B5938C36-30F5-42DC-B7A2-EAE8FCFE1016}"
EndProject
Project("{9A19103F-16F7-4668-BE54-9A1E7A4F7556}") = "Cross", "..\Sierpiński_triangle\Cross\Cross.csproj", "{B5398FC5-DC46-4845-8DC5-1BD003D66E26}"
EndProject
Global
	GlobalSection(SolutionConfigurationPlatforms) = preSolution
		Debug|Any CPU = Debug|Any CPU
		Release|Any CPU = Release|Any CPU
	EndGlobalSection
	GlobalSection(ProjectConfigurationPlatforms) = postSolution
		{B5938C36-30F5-42DC-B7A2-EAE8FCFE1016}.Debug|Any CPU.ActiveCfg = Debug|Any CPU
		{B5938C36-30F5-42DC-B7A2-EAE8FCFE1016}.Debug|Any CPU.Build.0 = Debug|Any CPU
		{B5938C36-30F5-42DC-B7A2-EAE8FCFE1016}.Release|Any CPU.ActiveCfg = Release|Any CPU
		{B5938C36-30F5-42DC-B7A2-EAE8FCFE1016}.Release|Any CPU.Build.0 = Release|Any CPU
		{B5398FC5-DC46-4845-8DC5-1BD003D66E26}.Debug|Any CPU.ActiveCfg = Debug|Any CPU
		{B5398FC5-DC46-4845-8DC5-1BD003D66E26}.Debug|Any CPU.Build.0 = Debug|Any CPU
		{B5398FC5-DC46-4845-8DC5-1BD003D66E26}.Release|Any CPU.ActiveCfg = Release|Any CPU
		{B5398FC5-DC46-4845-8DC5-1BD003D66E26}.Release|Any CPU.Build.0 = Release|Any CPU
	EndGlobalSection
	GlobalSection(SolutionProperties) = preSolution
		HideSolutionNode = FALSE
	EndGlobalSection
	GlobalSection(ExtensibilityGlobals) = postSolution
		SolutionGuid = {52FB03CD-FDAF-48D1-A5C6-0BCAA0E74486}
	EndGlobalSection
EndGlobal
