
Microsoft Visual Studio Solution File, Format Version 12.00
# Visual Studio Version 17
VisualStudioVersion = 17.1.32210.238
MinimumVisualStudioVersion = 10.0.40219.1
Project("{FAE04EC0-301F-11D3-BF4B-00C04F79EFBC}") = "TailOfTail", "TailOfTail.csproj", "{67677F67-252E-4D34-90D2-6527F8BF42F0}"
EndProject
Project("{FAE04EC0-301F-11D3-BF4B-00C04F79EFBC}") = "LongLife", "..\LongLife\LongLife.csproj", "{5054F4D7-8C7E-4794-997E-57625F9BCB5E}"
EndProject
Project("{FAE04EC0-301F-11D3-BF4B-00C04F79EFBC}") = "Strings", "..\Strings\Strings.csproj", "{888DFD7F-7EA9-4698-BA5B-6318D30099F5}"
EndProject
Global
	GlobalSection(SolutionConfigurationPlatforms) = preSolution
		Debug|Any CPU = Debug|Any CPU
		Release|Any CPU = Release|Any CPU
	EndGlobalSection
	GlobalSection(ProjectConfigurationPlatforms) = postSolution
		{67677F67-252E-4D34-90D2-6527F8BF42F0}.Debug|Any CPU.ActiveCfg = Debug|Any CPU
		{67677F67-252E-4D34-90D2-6527F8BF42F0}.Debug|Any CPU.Build.0 = Debug|Any CPU
		{67677F67-252E-4D34-90D2-6527F8BF42F0}.Release|Any CPU.ActiveCfg = Release|Any CPU
		{67677F67-252E-4D34-90D2-6527F8BF42F0}.Release|Any CPU.Build.0 = Release|Any CPU
		{5054F4D7-8C7E-4794-997E-57625F9BCB5E}.Debug|Any CPU.ActiveCfg = Debug|Any CPU
		{5054F4D7-8C7E-4794-997E-57625F9BCB5E}.Debug|Any CPU.Build.0 = Debug|Any CPU
		{5054F4D7-8C7E-4794-997E-57625F9BCB5E}.Release|Any CPU.ActiveCfg = Release|Any CPU
		{5054F4D7-8C7E-4794-997E-57625F9BCB5E}.Release|Any CPU.Build.0 = Release|Any CPU
		{888DFD7F-7EA9-4698-BA5B-6318D30099F5}.Debug|Any CPU.ActiveCfg = Debug|Any CPU
		{888DFD7F-7EA9-4698-BA5B-6318D30099F5}.Debug|Any CPU.Build.0 = Debug|Any CPU
		{888DFD7F-7EA9-4698-BA5B-6318D30099F5}.Release|Any CPU.ActiveCfg = Release|Any CPU
		{888DFD7F-7EA9-4698-BA5B-6318D30099F5}.Release|Any CPU.Build.0 = Release|Any CPU
	EndGlobalSection
	GlobalSection(SolutionProperties) = preSolution
		HideSolutionNode = FALSE
	EndGlobalSection
	GlobalSection(ExtensibilityGlobals) = postSolution
		SolutionGuid = {5847E112-7DBB-44A9-87F3-C847DD94C244}
	EndGlobalSection
EndGlobal
