
Microsoft Visual Studio Solution File, Format Version 12.00
# Visual Studio Version 17
VisualStudioVersion = 17.1.32210.238
MinimumVisualStudioVersion = 10.0.40219.1
Project("{9A19103F-16F7-4668-BE54-9A1E7A4F7556}") = "Sem2Task1", "Sem2Task1.csproj", "{DBAF77BA-93BA-4847-85F7-77254B760EEE}"
EndProject
Project("{9A19103F-16F7-4668-BE54-9A1E7A4F7556}") = "Sem2Task2", "..\Sem2Task2\Sem2Task2.csproj", "{C144FB64-A9EA-4430-9B11-6AB264419411}"
EndProject
Project("{9A19103F-16F7-4668-BE54-9A1E7A4F7556}") = "Sem2Task3", "..\Sem2Task3\Sem2Task3.csproj", "{26262AF7-846D-4805-9C55-7E62E5C11662}"
EndProject
Project("{FAE04EC0-301F-11D3-BF4B-00C04F79EFBC}") = "Sem2Task4", "..\Sem2Task4\Sem2Task4.csproj", "{E206BC80-0353-49BA-9A77-B5C9FFCFB879}"
EndProject
Global
	GlobalSection(SolutionConfigurationPlatforms) = preSolution
		Debug|Any CPU = Debug|Any CPU
		Release|Any CPU = Release|Any CPU
	EndGlobalSection
	GlobalSection(ProjectConfigurationPlatforms) = postSolution
		{DBAF77BA-93BA-4847-85F7-77254B760EEE}.Debug|Any CPU.ActiveCfg = Debug|Any CPU
		{DBAF77BA-93BA-4847-85F7-77254B760EEE}.Debug|Any CPU.Build.0 = Debug|Any CPU
		{DBAF77BA-93BA-4847-85F7-77254B760EEE}.Release|Any CPU.ActiveCfg = Release|Any CPU
		{DBAF77BA-93BA-4847-85F7-77254B760EEE}.Release|Any CPU.Build.0 = Release|Any CPU
		{C144FB64-A9EA-4430-9B11-6AB264419411}.Debug|Any CPU.ActiveCfg = Debug|Any CPU
		{C144FB64-A9EA-4430-9B11-6AB264419411}.Debug|Any CPU.Build.0 = Debug|Any CPU
		{C144FB64-A9EA-4430-9B11-6AB264419411}.Release|Any CPU.ActiveCfg = Release|Any CPU
		{C144FB64-A9EA-4430-9B11-6AB264419411}.Release|Any CPU.Build.0 = Release|Any CPU
		{26262AF7-846D-4805-9C55-7E62E5C11662}.Debug|Any CPU.ActiveCfg = Debug|Any CPU
		{26262AF7-846D-4805-9C55-7E62E5C11662}.Debug|Any CPU.Build.0 = Debug|Any CPU
		{26262AF7-846D-4805-9C55-7E62E5C11662}.Release|Any CPU.ActiveCfg = Release|Any CPU
		{26262AF7-846D-4805-9C55-7E62E5C11662}.Release|Any CPU.Build.0 = Release|Any CPU
		{E206BC80-0353-49BA-9A77-B5C9FFCFB879}.Debug|Any CPU.ActiveCfg = Debug|Any CPU
		{E206BC80-0353-49BA-9A77-B5C9FFCFB879}.Debug|Any CPU.Build.0 = Debug|Any CPU
		{E206BC80-0353-49BA-9A77-B5C9FFCFB879}.Release|Any CPU.ActiveCfg = Release|Any CPU
		{E206BC80-0353-49BA-9A77-B5C9FFCFB879}.Release|Any CPU.Build.0 = Release|Any CPU
	EndGlobalSection
	GlobalSection(SolutionProperties) = preSolution
		HideSolutionNode = FALSE
	EndGlobalSection
	GlobalSection(ExtensibilityGlobals) = postSolution
		SolutionGuid = {EFA37EA5-D3D0-4FA2-8764-7D055462413D}
	EndGlobalSection
EndGlobal
