
Microsoft Visual Studio Solution File, Format Version 12.00
# Visual Studio Version 17
VisualStudioVersion = 17.1.32407.343
MinimumVisualStudioVersion = 10.0.40219.1
Project("{9A19103F-16F7-4668-BE54-9A1E7A4F7556}") = "SlidingPuzzleSolver", "..\SlidingPuzzleSolver\SlidingPuzzleSolver.csproj", "{5D92049A-8368-44CD-BC82-3491E7B10D68}"
EndProject
Project("{9A19103F-16F7-4668-BE54-9A1E7A4F7556}") = "Permutations", "Permutations\Permutations.csproj", "{2D492185-22AD-4F1A-9E83-4E72EB082F73}"
EndProject
Project("{9A19103F-16F7-4668-BE54-9A1E7A4F7556}") = "Permut_4kyu", "Permut\Permut_4kyu.csproj", "{C7A09252-F0EA-4734-910D-3E3A088B7714}"
EndProject
Project("{9A19103F-16F7-4668-BE54-9A1E7A4F7556}") = "Find_the_cheapest_path", "Find_the_cheapest_path\Find_the_cheapest_path.csproj", "{F939AB1A-E4F3-4042-8080-1C49A10FB128}"
EndProject
Project("{9A19103F-16F7-4668-BE54-9A1E7A4F7556}") = "HardSudokuSolver", "HardSudokuSolver\HardSudokuSolver.csproj", "{7A982653-E485-43D0-A637-14CC286094EA}"
EndProject
Project("{9A19103F-16F7-4668-BE54-9A1E7A4F7556}") = "MatrixDeterminant_4kyu", "MatrixDeterminant\MatrixDeterminant_4kyu.csproj", "{D390EB76-71C0-4321-86C4-DCC0A8B9C614}"
EndProject
Project("{9A19103F-16F7-4668-BE54-9A1E7A4F7556}") = "SudokuSolutionValidator", "SudokuSolutionValidator\SudokuSolutionValidator.csproj", "{A794011F-7DCC-411D-9944-6001F49D42E6}"
EndProject
Project("{9A19103F-16F7-4668-BE54-9A1E7A4F7556}") = "Factorial_decomposition_5kyu", "Factorial_decomposition_5kyu\Factorial_decomposition_5kyu.csproj", "{AB404B70-CAB8-4004-9481-7E54C45E769C}"
EndProject
Project("{9A19103F-16F7-4668-BE54-9A1E7A4F7556}") = "Primes_in_numbers_5kyu", "Primes_in_numbers_5kyu\Primes_in_numbers_5kyu.csproj", "{FDB9B1EB-B91E-4430-9420-E93F90CC85BD}"
EndProject
Project("{9A19103F-16F7-4668-BE54-9A1E7A4F7556}") = "Adding_Big_Numbers_4kyu", "Adding_Big_Numbers_4kyu\Adding_Big_Numbers_4kyu.csproj", "{CDBD5C0C-69EF-4D0C-A52A-4D642D985B63}"
EndProject
Project("{9A19103F-16F7-4668-BE54-9A1E7A4F7556}") = "The_Clockwise_Spiral_5kyu", "The_Clockwise_Spiral_5kyu\The_Clockwise_Spiral_5kyu.csproj", "{F9A0DBC6-9255-4B84-A6C8-190BB53DD585}"
EndProject
Project("{9A19103F-16F7-4668-BE54-9A1E7A4F7556}") = "Factorial_decomposition_fast_5kyu", "Factorial_decomposition_fast_5kyu\Factorial_decomposition_fast_5kyu.csproj", "{7ECEC152-69BD-4A93-9B36-F2755763F7DB}"
EndProject
Project("{9A19103F-16F7-4668-BE54-9A1E7A4F7556}") = "Square_Matrix_Multiplication_5kyu", "Square_Matrix_Multiplication_5kyu\Square_Matrix_Multiplication_5kyu.csproj", "{BECD809A-D9E4-415C-9D17-581FB2868CED}"
EndProject
Project("{9A19103F-16F7-4668-BE54-9A1E7A4F7556}") = "Tribonacci_Sequence_6kyu", "Tribonacci_Sequence_6kyu\Tribonacci_Sequence_6kyu.csproj", "{F7377823-5645-4193-AF41-CC8A585F8F67}"
EndProject
Project("{9A19103F-16F7-4668-BE54-9A1E7A4F7556}") = "Make_a_spiral_3kyu", "Make_a_spiral_3kyu\Make_a_spiral_3kyu.csproj", "{E6AD09A4-E56F-45AA-841F-BB5C838EDE9F}"
EndProject
Project("{9A19103F-16F7-4668-BE54-9A1E7A4F7556}") = "1_n_Cycle_6kyu", "1_n_Cycle\1_n_Cycle_6kyu.csproj", "{9267471B-B078-4CA9-8B6E-15C5410C49A5}"
EndProject
Project("{9A19103F-16F7-4668-BE54-9A1E7A4F7556}") = "Valid_Parentheses_5kyu", "Valid_Parentheses_5kyu\Valid_Parentheses_5kyu.csproj", "{A8CC54C7-7495-4B8B-90C6-11D60E62EA65}"
EndProject
Project("{9A19103F-16F7-4668-BE54-9A1E7A4F7556}") = "Pascals_Diagonals_5kyu", "Pascals_Diagonals_5kyu\Pascals_Diagonals_5kyu.csproj", "{F7334670-ABD4-4B4A-AB84-DD3485F2D609}"
EndProject
Project("{9A19103F-16F7-4668-BE54-9A1E7A4F7556}") = "Battleship_field_validator_3kyu", "Battleship_field_validator_3kyu\Battleship_field_validator_3kyu.csproj", "{B623FBE8-39F0-4831-8A69-45B3DC0BE983}"
EndProject
Project("{9A19103F-16F7-4668-BE54-9A1E7A4F7556}") = "Binomial_Expansion_3kyu", "Binomial_Expansion_3kyu\Binomial_Expansion_3kyu.csproj", "{9C1C1FC4-BAF2-48EE-A5CD-3D447172D584}"
EndProject
Project("{9A19103F-16F7-4668-BE54-9A1E7A4F7556}") = "Simple_Fun_79_Delete_a_Digit_6kyu", "Simple_Fun_79_Delete_a_Digit_kyu\Simple_Fun_79_Delete_a_Digit_6kyu.csproj", "{E0F4904D-0417-4866-AA9C-D5E51ED2CF64}"
EndProject
Project("{9A19103F-16F7-4668-BE54-9A1E7A4F7556}") = "Some_Egyptian_fractions_5kyu", "Some_Egyptian_fractions_5kyu\Some_Egyptian_fractions_5kyu.csproj", "{B9640987-D846-487C-8782-7C315FDC7B8F}"
EndProject
Project("{9A19103F-16F7-4668-BE54-9A1E7A4F7556}") = "Moving_Zeros_To_The_End_5kyu", "Moving_Zeros_To_The_End_5kyu\Moving_Zeros_To_The_End_5kyu.csproj", "{999FA780-BD2F-40AB-8879-0C167168A80D}"
EndProject
Project("{9A19103F-16F7-4668-BE54-9A1E7A4F7556}") = "The_fusc_function_Part_2", "The_fusc_function_Part_2\The_fusc_function_Part_2.csproj", "{58C936CF-0DF1-4BF7-B4C8-11AB31066598}"
EndProject
Project("{9A19103F-16F7-4668-BE54-9A1E7A4F7556}") = "HighestScoringWord_6kyu", "HighestScoringWord_6kyu\HighestScoringWord_6kyu.csproj", "{0E5B32BA-BC49-4326-B7F4-EDA43E618A51}"
EndProject
Project("{9A19103F-16F7-4668-BE54-9A1E7A4F7556}") = "Differentiate_a_polynomial_4kyu", "Differentiate_a_polynomial_4kyu\Differentiate_a_polynomial_4kyu.csproj", "{5388C249-D186-4BC0-870B-BF78DC6E0D5E}"
EndProject
Project("{9A19103F-16F7-4668-BE54-9A1E7A4F7556}") = "Last_digit_of_a_large_number_5kyu", "Last_digit_of_a_large_number_5kyu\Last_digit_of_a_large_number_5kyu.csproj", "{6CB1D08D-B442-4FAE-B5E0-0537C7A54D87}"
EndProject
Project("{9A19103F-16F7-4668-BE54-9A1E7A4F7556}") = "Twice_linear_4kyu", "Twice_linear_4kyu\Twice_linear_4kyu.csproj", "{40FCA68B-39CB-46CA-BA55-37580B782A3F}"
EndProject
Project("{9A19103F-16F7-4668-BE54-9A1E7A4F7556}") = "Power_tower_modulo_m_2kyu", "Power_tower_modulo_m_2kyu\Power_tower_modulo_m_2kyu.csproj", "{931D8BB1-0151-466D-A554-F96B78A1CB06}"
EndProject
Project("{9A19103F-16F7-4668-BE54-9A1E7A4F7556}") = "Going_to_zero_or_to_infinity_5kyu", "Going_to_zero_or_to_infinity_5kyu\Going_to_zero_or_to_infinity_5kyu.csproj", "{377FDDF3-F7B2-47B4-851E-CB505133D724}"
EndProject
Project("{9A19103F-16F7-4668-BE54-9A1E7A4F7556}") = "Sums_of_Perfect_Squares_4kyu", "Sums_of_Perfect_Squares_4kyu\Sums_of_Perfect_Squares_4kyu.csproj", "{0E60A914-3171-4F6E-890B-9C75DC68CC91}"
EndProject
Project("{9A19103F-16F7-4668-BE54-9A1E7A4F7556}") = "Snail_4kyu", "Snail_4kyu\Snail_4kyu.csproj", "{F3100718-111E-43F6-A2D9-A2B60EC4AF48}"
EndProject
Project("{9A19103F-16F7-4668-BE54-9A1E7A4F7556}") = "Number_of_Proper_Fractions_with_Denominator_d_4kyu", "Number_of_Proper_Fractions_with_Denominator_d_4kyu\Number_of_Proper_Fractions_with_Denominator_d_4kyu.csproj", "{B1B20ED5-A219-4495-B8CC-DF94B9E2BF5A}"
EndProject
Project("{9A19103F-16F7-4668-BE54-9A1E7A4F7556}") = "Humming_Numbers_4kyu", "Humming_Numbers_4kyu\Humming_Numbers_4kyu.csproj", "{D7EE05C0-B719-49A7-9BD1-5E29A41F329C}"
EndProject
Project("{9A19103F-16F7-4668-BE54-9A1E7A4F7556}") = "Range_Extraction_4kyu", "Range_Extraction_4kyu\Range_Extraction_4kyu.csproj", "{31C7A491-4A2A-4BE1-BC3E-0C5DCA93251F}"
EndProject
Project("{9A19103F-16F7-4668-BE54-9A1E7A4F7556}") = "How_many_numbers_III_4kyu", "How_many_numbers_III_4kyu\How_many_numbers_III_4kyu.csproj", "{F1BF9032-471A-41AF-820A-1393A14E4BDA}"
EndProject
Project("{9A19103F-16F7-4668-BE54-9A1E7A4F7556}") = "N_Parasitic_Numbers_Ending_in_N_3kyu", "N_Parasitic_Numbers_Ending_in_N_3kyu\N_Parasitic_Numbers_Ending_in_N_3kyu.csproj", "{FC815536-A0FB-49E2-AF57-D0C4CE0207FC}"
EndProject
Project("{9A19103F-16F7-4668-BE54-9A1E7A4F7556}") = "Last_digit_of_a_huge_number_3kyu", "Last_digit_of_a_huge_number_3kyu\Last_digit_of_a_huge_number_3kyu.csproj", "{A878AB63-E29D-4789-A9D5-2AF2013F4201}"
EndProject
Project("{9A19103F-16F7-4668-BE54-9A1E7A4F7556}") = "Block_sequence_4kyu", "Block_sequence_4kyu\Block_sequence_4kyu.csproj", "{35C34D05-57D3-4560-BE4B-401F09AE12F2}"
EndProject
Project("{9A19103F-16F7-4668-BE54-9A1E7A4F7556}") = "Count_ones_in_a_segment_4kyu", "Count_ones_in_a_segment_4kyu\Count_ones_in_a_segment_4kyu.csproj", "{71B6E2D5-D929-462C-A67B-5DC320CF2A99}"
EndProject
Project("{9A19103F-16F7-4668-BE54-9A1E7A4F7556}") = "Simple_Fun_27_Rectangle_Rotation_4kyu", "Simple_Fun_27_Rectangle_Rotation_4kyu\Simple_Fun_27_Rectangle_Rotation_4kyu.csproj", "{B8F24E7D-8ED3-4215-A5E1-9F09D3334110}"
EndProject
Project("{9A19103F-16F7-4668-BE54-9A1E7A4F7556}") = "Longest_Common_Subsequence _Performance_version_4kyu", "Longest_Common_Subsequence _Performance_version_4kyu\Longest_Common_Subsequence _Performance_version_4kyu.csproj", "{D113A620-5764-42CF-834F-3073E43E4CFD}"
EndProject
Project("{9A19103F-16F7-4668-BE54-9A1E7A4F7556}") = "Validate_Sudoku_with_size _NxN_4kyu", "Validate_Sudoku_with_size _NxN_4kyu\Validate_Sudoku_with_size _NxN_4kyu.csproj", "{5EF3F481-CF17-4737-BAA1-381E7756BDD7}"
EndProject
Project("{9A19103F-16F7-4668-BE54-9A1E7A4F7556}") = "Sum_of_Intervals_4kyu", "Sum_of_Intervals_4kyu\Sum_of_Intervals_4kyu.csproj", "{60CC4E55-AF95-451C-BFBF-D2B15D6F061E}"
EndProject
Project("{9A19103F-16F7-4668-BE54-9A1E7A4F7556}") = "Shortest_steps_to_a_number_6kyu", "Shortest_steps_to_a_number_6kyu\Shortest_steps_to_a_number_6kyu.csproj", "{E49F0675-7E7B-42EE-A8F4-E4176405CC9B}"
EndProject
Project("{9A19103F-16F7-4668-BE54-9A1E7A4F7556}") = "Expressions", "Expressions\Expressions.csproj", "{809EE708-6AC0-45D4-AECD-3ABE8ED69617}"
EndProject
Project("{9A19103F-16F7-4668-BE54-9A1E7A4F7556}") = "Alphabetic_Anagrams_3kyu", "Alphabetic_Anagrams_3kyu\Alphabetic_Anagrams_3kyu.csproj", "{B656D03D-D47F-4A80-9D44-2525A6B2752C}"
EndProject
Project("{9A19103F-16F7-4668-BE54-9A1E7A4F7556}") = "What_is_a_Perfect_Power_anyway_5kyu", "What_is_a_Perfect_Power_anyway_5kyu\What_is_a_Perfect_Power_anyway_5kyu.csproj", "{EBF5C738-E490-487D-8D76-D13B8684187A}"
EndProject
Project("{9A19103F-16F7-4668-BE54-9A1E7A4F7556}") = "Roman_Numerals_Helper_4kyu", "Roman_Numerals_Helper_4kyu\Roman_Numerals_Helper_4kyu.csproj", "{A1033F4A-92B5-446E-92BC-6E99F8F92B5B}"
EndProject
Project("{FAE04EC0-301F-11D3-BF4B-00C04F79EFBC}") = "Total_increasing_or_decreasing_numbers_up_to_a_power_of_10_4kyu", "Total_increasing_or_decreasing_numbers_up_to_a_power_of_10_4kyu\Total_increasing_or_decreasing_numbers_up_to_a_power_of_10_4kyu.csproj", "{DFEA5FB7-52CB-427E-8013-E122FCA15444}"
EndProject
Project("{FAE04EC0-301F-11D3-BF4B-00C04F79EFBC}") = "Boggle_Word_Checker_4kyu", "Boggle_Word_Checker_4kyu\Boggle_Word_Checker_4kyu.csproj", "{AE087939-E35B-4AE4-8A9F-E921CCB996DD}"
EndProject
Project("{FAE04EC0-301F-11D3-BF4B-00C04F79EFBC}") = "Decimal_to_Factorial_and_Back_5kyu", "Decimal_to_Factorial_and_Back_5kyu\Decimal_to_Factorial_and_Back_5kyu.csproj", "{4EAB35E0-F22F-4717-A26E-D7D424FC2869}"
EndProject
Project("{FAE04EC0-301F-11D3-BF4B-00C04F79EFBC}") = "How_many_are_smaller_than_me_3kyu_BST", "How_many_are_smaller_than_me_3kyu_BST\How_many_are_smaller_than_me_3kyu_BST.csproj", "{8F1A77AF-6A58-441F-8EFA-8570C3D28658}"
EndProject
Global
	GlobalSection(SolutionConfigurationPlatforms) = preSolution
		Debug|Any CPU = Debug|Any CPU
		Release|Any CPU = Release|Any CPU
	EndGlobalSection
	GlobalSection(ProjectConfigurationPlatforms) = postSolution
		{5D92049A-8368-44CD-BC82-3491E7B10D68}.Debug|Any CPU.ActiveCfg = Debug|Any CPU
		{5D92049A-8368-44CD-BC82-3491E7B10D68}.Debug|Any CPU.Build.0 = Debug|Any CPU
		{5D92049A-8368-44CD-BC82-3491E7B10D68}.Release|Any CPU.ActiveCfg = Release|Any CPU
		{5D92049A-8368-44CD-BC82-3491E7B10D68}.Release|Any CPU.Build.0 = Release|Any CPU
		{2D492185-22AD-4F1A-9E83-4E72EB082F73}.Debug|Any CPU.ActiveCfg = Debug|Any CPU
		{2D492185-22AD-4F1A-9E83-4E72EB082F73}.Debug|Any CPU.Build.0 = Debug|Any CPU
		{2D492185-22AD-4F1A-9E83-4E72EB082F73}.Release|Any CPU.ActiveCfg = Release|Any CPU
		{2D492185-22AD-4F1A-9E83-4E72EB082F73}.Release|Any CPU.Build.0 = Release|Any CPU
		{C7A09252-F0EA-4734-910D-3E3A088B7714}.Debug|Any CPU.ActiveCfg = Debug|Any CPU
		{C7A09252-F0EA-4734-910D-3E3A088B7714}.Debug|Any CPU.Build.0 = Debug|Any CPU
		{C7A09252-F0EA-4734-910D-3E3A088B7714}.Release|Any CPU.ActiveCfg = Release|Any CPU
		{C7A09252-F0EA-4734-910D-3E3A088B7714}.Release|Any CPU.Build.0 = Release|Any CPU
		{F939AB1A-E4F3-4042-8080-1C49A10FB128}.Debug|Any CPU.ActiveCfg = Debug|Any CPU
		{F939AB1A-E4F3-4042-8080-1C49A10FB128}.Debug|Any CPU.Build.0 = Debug|Any CPU
		{F939AB1A-E4F3-4042-8080-1C49A10FB128}.Release|Any CPU.ActiveCfg = Release|Any CPU
		{F939AB1A-E4F3-4042-8080-1C49A10FB128}.Release|Any CPU.Build.0 = Release|Any CPU
		{7A982653-E485-43D0-A637-14CC286094EA}.Debug|Any CPU.ActiveCfg = Debug|Any CPU
		{7A982653-E485-43D0-A637-14CC286094EA}.Debug|Any CPU.Build.0 = Debug|Any CPU
		{7A982653-E485-43D0-A637-14CC286094EA}.Release|Any CPU.ActiveCfg = Release|Any CPU
		{7A982653-E485-43D0-A637-14CC286094EA}.Release|Any CPU.Build.0 = Release|Any CPU
		{D390EB76-71C0-4321-86C4-DCC0A8B9C614}.Debug|Any CPU.ActiveCfg = Debug|Any CPU
		{D390EB76-71C0-4321-86C4-DCC0A8B9C614}.Debug|Any CPU.Build.0 = Debug|Any CPU
		{D390EB76-71C0-4321-86C4-DCC0A8B9C614}.Release|Any CPU.ActiveCfg = Release|Any CPU
		{D390EB76-71C0-4321-86C4-DCC0A8B9C614}.Release|Any CPU.Build.0 = Release|Any CPU
		{A794011F-7DCC-411D-9944-6001F49D42E6}.Debug|Any CPU.ActiveCfg = Debug|Any CPU
		{A794011F-7DCC-411D-9944-6001F49D42E6}.Debug|Any CPU.Build.0 = Debug|Any CPU
		{A794011F-7DCC-411D-9944-6001F49D42E6}.Release|Any CPU.ActiveCfg = Release|Any CPU
		{A794011F-7DCC-411D-9944-6001F49D42E6}.Release|Any CPU.Build.0 = Release|Any CPU
		{AB404B70-CAB8-4004-9481-7E54C45E769C}.Debug|Any CPU.ActiveCfg = Debug|Any CPU
		{AB404B70-CAB8-4004-9481-7E54C45E769C}.Debug|Any CPU.Build.0 = Debug|Any CPU
		{AB404B70-CAB8-4004-9481-7E54C45E769C}.Release|Any CPU.ActiveCfg = Release|Any CPU
		{AB404B70-CAB8-4004-9481-7E54C45E769C}.Release|Any CPU.Build.0 = Release|Any CPU
		{FDB9B1EB-B91E-4430-9420-E93F90CC85BD}.Debug|Any CPU.ActiveCfg = Debug|Any CPU
		{FDB9B1EB-B91E-4430-9420-E93F90CC85BD}.Debug|Any CPU.Build.0 = Debug|Any CPU
		{FDB9B1EB-B91E-4430-9420-E93F90CC85BD}.Release|Any CPU.ActiveCfg = Release|Any CPU
		{FDB9B1EB-B91E-4430-9420-E93F90CC85BD}.Release|Any CPU.Build.0 = Release|Any CPU
		{CDBD5C0C-69EF-4D0C-A52A-4D642D985B63}.Debug|Any CPU.ActiveCfg = Debug|Any CPU
		{CDBD5C0C-69EF-4D0C-A52A-4D642D985B63}.Debug|Any CPU.Build.0 = Debug|Any CPU
		{CDBD5C0C-69EF-4D0C-A52A-4D642D985B63}.Release|Any CPU.ActiveCfg = Release|Any CPU
		{CDBD5C0C-69EF-4D0C-A52A-4D642D985B63}.Release|Any CPU.Build.0 = Release|Any CPU
		{F9A0DBC6-9255-4B84-A6C8-190BB53DD585}.Debug|Any CPU.ActiveCfg = Debug|Any CPU
		{F9A0DBC6-9255-4B84-A6C8-190BB53DD585}.Debug|Any CPU.Build.0 = Debug|Any CPU
		{F9A0DBC6-9255-4B84-A6C8-190BB53DD585}.Release|Any CPU.ActiveCfg = Release|Any CPU
		{F9A0DBC6-9255-4B84-A6C8-190BB53DD585}.Release|Any CPU.Build.0 = Release|Any CPU
		{7ECEC152-69BD-4A93-9B36-F2755763F7DB}.Debug|Any CPU.ActiveCfg = Debug|Any CPU
		{7ECEC152-69BD-4A93-9B36-F2755763F7DB}.Debug|Any CPU.Build.0 = Debug|Any CPU
		{7ECEC152-69BD-4A93-9B36-F2755763F7DB}.Release|Any CPU.ActiveCfg = Release|Any CPU
		{7ECEC152-69BD-4A93-9B36-F2755763F7DB}.Release|Any CPU.Build.0 = Release|Any CPU
		{BECD809A-D9E4-415C-9D17-581FB2868CED}.Debug|Any CPU.ActiveCfg = Debug|Any CPU
		{BECD809A-D9E4-415C-9D17-581FB2868CED}.Debug|Any CPU.Build.0 = Debug|Any CPU
		{BECD809A-D9E4-415C-9D17-581FB2868CED}.Release|Any CPU.ActiveCfg = Release|Any CPU
		{BECD809A-D9E4-415C-9D17-581FB2868CED}.Release|Any CPU.Build.0 = Release|Any CPU
		{F7377823-5645-4193-AF41-CC8A585F8F67}.Debug|Any CPU.ActiveCfg = Debug|Any CPU
		{F7377823-5645-4193-AF41-CC8A585F8F67}.Debug|Any CPU.Build.0 = Debug|Any CPU
		{F7377823-5645-4193-AF41-CC8A585F8F67}.Release|Any CPU.ActiveCfg = Release|Any CPU
		{F7377823-5645-4193-AF41-CC8A585F8F67}.Release|Any CPU.Build.0 = Release|Any CPU
		{E6AD09A4-E56F-45AA-841F-BB5C838EDE9F}.Debug|Any CPU.ActiveCfg = Debug|Any CPU
		{E6AD09A4-E56F-45AA-841F-BB5C838EDE9F}.Debug|Any CPU.Build.0 = Debug|Any CPU
		{E6AD09A4-E56F-45AA-841F-BB5C838EDE9F}.Release|Any CPU.ActiveCfg = Release|Any CPU
		{E6AD09A4-E56F-45AA-841F-BB5C838EDE9F}.Release|Any CPU.Build.0 = Release|Any CPU
		{9267471B-B078-4CA9-8B6E-15C5410C49A5}.Debug|Any CPU.ActiveCfg = Debug|Any CPU
		{9267471B-B078-4CA9-8B6E-15C5410C49A5}.Debug|Any CPU.Build.0 = Debug|Any CPU
		{9267471B-B078-4CA9-8B6E-15C5410C49A5}.Release|Any CPU.ActiveCfg = Release|Any CPU
		{9267471B-B078-4CA9-8B6E-15C5410C49A5}.Release|Any CPU.Build.0 = Release|Any CPU
		{A8CC54C7-7495-4B8B-90C6-11D60E62EA65}.Debug|Any CPU.ActiveCfg = Debug|Any CPU
		{A8CC54C7-7495-4B8B-90C6-11D60E62EA65}.Debug|Any CPU.Build.0 = Debug|Any CPU
		{A8CC54C7-7495-4B8B-90C6-11D60E62EA65}.Release|Any CPU.ActiveCfg = Release|Any CPU
		{A8CC54C7-7495-4B8B-90C6-11D60E62EA65}.Release|Any CPU.Build.0 = Release|Any CPU
		{F7334670-ABD4-4B4A-AB84-DD3485F2D609}.Debug|Any CPU.ActiveCfg = Debug|Any CPU
		{F7334670-ABD4-4B4A-AB84-DD3485F2D609}.Debug|Any CPU.Build.0 = Debug|Any CPU
		{F7334670-ABD4-4B4A-AB84-DD3485F2D609}.Release|Any CPU.ActiveCfg = Release|Any CPU
		{F7334670-ABD4-4B4A-AB84-DD3485F2D609}.Release|Any CPU.Build.0 = Release|Any CPU
		{B623FBE8-39F0-4831-8A69-45B3DC0BE983}.Debug|Any CPU.ActiveCfg = Debug|Any CPU
		{B623FBE8-39F0-4831-8A69-45B3DC0BE983}.Debug|Any CPU.Build.0 = Debug|Any CPU
		{B623FBE8-39F0-4831-8A69-45B3DC0BE983}.Release|Any CPU.ActiveCfg = Release|Any CPU
		{B623FBE8-39F0-4831-8A69-45B3DC0BE983}.Release|Any CPU.Build.0 = Release|Any CPU
		{9C1C1FC4-BAF2-48EE-A5CD-3D447172D584}.Debug|Any CPU.ActiveCfg = Debug|Any CPU
		{9C1C1FC4-BAF2-48EE-A5CD-3D447172D584}.Debug|Any CPU.Build.0 = Debug|Any CPU
		{9C1C1FC4-BAF2-48EE-A5CD-3D447172D584}.Release|Any CPU.ActiveCfg = Release|Any CPU
		{9C1C1FC4-BAF2-48EE-A5CD-3D447172D584}.Release|Any CPU.Build.0 = Release|Any CPU
		{E0F4904D-0417-4866-AA9C-D5E51ED2CF64}.Debug|Any CPU.ActiveCfg = Debug|Any CPU
		{E0F4904D-0417-4866-AA9C-D5E51ED2CF64}.Debug|Any CPU.Build.0 = Debug|Any CPU
		{E0F4904D-0417-4866-AA9C-D5E51ED2CF64}.Release|Any CPU.ActiveCfg = Release|Any CPU
		{E0F4904D-0417-4866-AA9C-D5E51ED2CF64}.Release|Any CPU.Build.0 = Release|Any CPU
		{B9640987-D846-487C-8782-7C315FDC7B8F}.Debug|Any CPU.ActiveCfg = Debug|Any CPU
		{B9640987-D846-487C-8782-7C315FDC7B8F}.Debug|Any CPU.Build.0 = Debug|Any CPU
		{B9640987-D846-487C-8782-7C315FDC7B8F}.Release|Any CPU.ActiveCfg = Release|Any CPU
		{B9640987-D846-487C-8782-7C315FDC7B8F}.Release|Any CPU.Build.0 = Release|Any CPU
		{999FA780-BD2F-40AB-8879-0C167168A80D}.Debug|Any CPU.ActiveCfg = Debug|Any CPU
		{999FA780-BD2F-40AB-8879-0C167168A80D}.Debug|Any CPU.Build.0 = Debug|Any CPU
		{999FA780-BD2F-40AB-8879-0C167168A80D}.Release|Any CPU.ActiveCfg = Release|Any CPU
		{999FA780-BD2F-40AB-8879-0C167168A80D}.Release|Any CPU.Build.0 = Release|Any CPU
		{58C936CF-0DF1-4BF7-B4C8-11AB31066598}.Debug|Any CPU.ActiveCfg = Debug|Any CPU
		{58C936CF-0DF1-4BF7-B4C8-11AB31066598}.Debug|Any CPU.Build.0 = Debug|Any CPU
		{58C936CF-0DF1-4BF7-B4C8-11AB31066598}.Release|Any CPU.ActiveCfg = Release|Any CPU
		{58C936CF-0DF1-4BF7-B4C8-11AB31066598}.Release|Any CPU.Build.0 = Release|Any CPU
		{0E5B32BA-BC49-4326-B7F4-EDA43E618A51}.Debug|Any CPU.ActiveCfg = Debug|Any CPU
		{0E5B32BA-BC49-4326-B7F4-EDA43E618A51}.Debug|Any CPU.Build.0 = Debug|Any CPU
		{0E5B32BA-BC49-4326-B7F4-EDA43E618A51}.Release|Any CPU.ActiveCfg = Release|Any CPU
		{0E5B32BA-BC49-4326-B7F4-EDA43E618A51}.Release|Any CPU.Build.0 = Release|Any CPU
		{5388C249-D186-4BC0-870B-BF78DC6E0D5E}.Debug|Any CPU.ActiveCfg = Debug|Any CPU
		{5388C249-D186-4BC0-870B-BF78DC6E0D5E}.Debug|Any CPU.Build.0 = Debug|Any CPU
		{5388C249-D186-4BC0-870B-BF78DC6E0D5E}.Release|Any CPU.ActiveCfg = Release|Any CPU
		{5388C249-D186-4BC0-870B-BF78DC6E0D5E}.Release|Any CPU.Build.0 = Release|Any CPU
		{6CB1D08D-B442-4FAE-B5E0-0537C7A54D87}.Debug|Any CPU.ActiveCfg = Debug|Any CPU
		{6CB1D08D-B442-4FAE-B5E0-0537C7A54D87}.Debug|Any CPU.Build.0 = Debug|Any CPU
		{6CB1D08D-B442-4FAE-B5E0-0537C7A54D87}.Release|Any CPU.ActiveCfg = Release|Any CPU
		{6CB1D08D-B442-4FAE-B5E0-0537C7A54D87}.Release|Any CPU.Build.0 = Release|Any CPU
		{40FCA68B-39CB-46CA-BA55-37580B782A3F}.Debug|Any CPU.ActiveCfg = Debug|Any CPU
		{40FCA68B-39CB-46CA-BA55-37580B782A3F}.Debug|Any CPU.Build.0 = Debug|Any CPU
		{40FCA68B-39CB-46CA-BA55-37580B782A3F}.Release|Any CPU.ActiveCfg = Release|Any CPU
		{40FCA68B-39CB-46CA-BA55-37580B782A3F}.Release|Any CPU.Build.0 = Release|Any CPU
		{931D8BB1-0151-466D-A554-F96B78A1CB06}.Debug|Any CPU.ActiveCfg = Debug|Any CPU
		{931D8BB1-0151-466D-A554-F96B78A1CB06}.Debug|Any CPU.Build.0 = Debug|Any CPU
		{931D8BB1-0151-466D-A554-F96B78A1CB06}.Release|Any CPU.ActiveCfg = Release|Any CPU
		{931D8BB1-0151-466D-A554-F96B78A1CB06}.Release|Any CPU.Build.0 = Release|Any CPU
		{377FDDF3-F7B2-47B4-851E-CB505133D724}.Debug|Any CPU.ActiveCfg = Debug|Any CPU
		{377FDDF3-F7B2-47B4-851E-CB505133D724}.Debug|Any CPU.Build.0 = Debug|Any CPU
		{377FDDF3-F7B2-47B4-851E-CB505133D724}.Release|Any CPU.ActiveCfg = Release|Any CPU
		{377FDDF3-F7B2-47B4-851E-CB505133D724}.Release|Any CPU.Build.0 = Release|Any CPU
		{0E60A914-3171-4F6E-890B-9C75DC68CC91}.Debug|Any CPU.ActiveCfg = Debug|Any CPU
		{0E60A914-3171-4F6E-890B-9C75DC68CC91}.Debug|Any CPU.Build.0 = Debug|Any CPU
		{0E60A914-3171-4F6E-890B-9C75DC68CC91}.Release|Any CPU.ActiveCfg = Release|Any CPU
		{0E60A914-3171-4F6E-890B-9C75DC68CC91}.Release|Any CPU.Build.0 = Release|Any CPU
		{F3100718-111E-43F6-A2D9-A2B60EC4AF48}.Debug|Any CPU.ActiveCfg = Debug|Any CPU
		{F3100718-111E-43F6-A2D9-A2B60EC4AF48}.Debug|Any CPU.Build.0 = Debug|Any CPU
		{F3100718-111E-43F6-A2D9-A2B60EC4AF48}.Release|Any CPU.ActiveCfg = Release|Any CPU
		{F3100718-111E-43F6-A2D9-A2B60EC4AF48}.Release|Any CPU.Build.0 = Release|Any CPU
		{B1B20ED5-A219-4495-B8CC-DF94B9E2BF5A}.Debug|Any CPU.ActiveCfg = Debug|Any CPU
		{B1B20ED5-A219-4495-B8CC-DF94B9E2BF5A}.Debug|Any CPU.Build.0 = Debug|Any CPU
		{B1B20ED5-A219-4495-B8CC-DF94B9E2BF5A}.Release|Any CPU.ActiveCfg = Release|Any CPU
		{B1B20ED5-A219-4495-B8CC-DF94B9E2BF5A}.Release|Any CPU.Build.0 = Release|Any CPU
		{D7EE05C0-B719-49A7-9BD1-5E29A41F329C}.Debug|Any CPU.ActiveCfg = Debug|Any CPU
		{D7EE05C0-B719-49A7-9BD1-5E29A41F329C}.Debug|Any CPU.Build.0 = Debug|Any CPU
		{D7EE05C0-B719-49A7-9BD1-5E29A41F329C}.Release|Any CPU.ActiveCfg = Release|Any CPU
		{D7EE05C0-B719-49A7-9BD1-5E29A41F329C}.Release|Any CPU.Build.0 = Release|Any CPU
		{31C7A491-4A2A-4BE1-BC3E-0C5DCA93251F}.Debug|Any CPU.ActiveCfg = Debug|Any CPU
		{31C7A491-4A2A-4BE1-BC3E-0C5DCA93251F}.Debug|Any CPU.Build.0 = Debug|Any CPU
		{31C7A491-4A2A-4BE1-BC3E-0C5DCA93251F}.Release|Any CPU.ActiveCfg = Release|Any CPU
		{31C7A491-4A2A-4BE1-BC3E-0C5DCA93251F}.Release|Any CPU.Build.0 = Release|Any CPU
		{F1BF9032-471A-41AF-820A-1393A14E4BDA}.Debug|Any CPU.ActiveCfg = Debug|Any CPU
		{F1BF9032-471A-41AF-820A-1393A14E4BDA}.Debug|Any CPU.Build.0 = Debug|Any CPU
		{F1BF9032-471A-41AF-820A-1393A14E4BDA}.Release|Any CPU.ActiveCfg = Release|Any CPU
		{F1BF9032-471A-41AF-820A-1393A14E4BDA}.Release|Any CPU.Build.0 = Release|Any CPU
		{FC815536-A0FB-49E2-AF57-D0C4CE0207FC}.Debug|Any CPU.ActiveCfg = Debug|Any CPU
		{FC815536-A0FB-49E2-AF57-D0C4CE0207FC}.Debug|Any CPU.Build.0 = Debug|Any CPU
		{FC815536-A0FB-49E2-AF57-D0C4CE0207FC}.Release|Any CPU.ActiveCfg = Release|Any CPU
		{FC815536-A0FB-49E2-AF57-D0C4CE0207FC}.Release|Any CPU.Build.0 = Release|Any CPU
		{A878AB63-E29D-4789-A9D5-2AF2013F4201}.Debug|Any CPU.ActiveCfg = Debug|Any CPU
		{A878AB63-E29D-4789-A9D5-2AF2013F4201}.Debug|Any CPU.Build.0 = Debug|Any CPU
		{A878AB63-E29D-4789-A9D5-2AF2013F4201}.Release|Any CPU.ActiveCfg = Release|Any CPU
		{A878AB63-E29D-4789-A9D5-2AF2013F4201}.Release|Any CPU.Build.0 = Release|Any CPU
		{35C34D05-57D3-4560-BE4B-401F09AE12F2}.Debug|Any CPU.ActiveCfg = Debug|Any CPU
		{35C34D05-57D3-4560-BE4B-401F09AE12F2}.Debug|Any CPU.Build.0 = Debug|Any CPU
		{35C34D05-57D3-4560-BE4B-401F09AE12F2}.Release|Any CPU.ActiveCfg = Release|Any CPU
		{35C34D05-57D3-4560-BE4B-401F09AE12F2}.Release|Any CPU.Build.0 = Release|Any CPU
		{71B6E2D5-D929-462C-A67B-5DC320CF2A99}.Debug|Any CPU.ActiveCfg = Debug|Any CPU
		{71B6E2D5-D929-462C-A67B-5DC320CF2A99}.Debug|Any CPU.Build.0 = Debug|Any CPU
		{71B6E2D5-D929-462C-A67B-5DC320CF2A99}.Release|Any CPU.ActiveCfg = Release|Any CPU
		{71B6E2D5-D929-462C-A67B-5DC320CF2A99}.Release|Any CPU.Build.0 = Release|Any CPU
		{B8F24E7D-8ED3-4215-A5E1-9F09D3334110}.Debug|Any CPU.ActiveCfg = Debug|Any CPU
		{B8F24E7D-8ED3-4215-A5E1-9F09D3334110}.Debug|Any CPU.Build.0 = Debug|Any CPU
		{B8F24E7D-8ED3-4215-A5E1-9F09D3334110}.Release|Any CPU.ActiveCfg = Release|Any CPU
		{B8F24E7D-8ED3-4215-A5E1-9F09D3334110}.Release|Any CPU.Build.0 = Release|Any CPU
		{D113A620-5764-42CF-834F-3073E43E4CFD}.Debug|Any CPU.ActiveCfg = Debug|Any CPU
		{D113A620-5764-42CF-834F-3073E43E4CFD}.Debug|Any CPU.Build.0 = Debug|Any CPU
		{D113A620-5764-42CF-834F-3073E43E4CFD}.Release|Any CPU.ActiveCfg = Release|Any CPU
		{D113A620-5764-42CF-834F-3073E43E4CFD}.Release|Any CPU.Build.0 = Release|Any CPU
		{5EF3F481-CF17-4737-BAA1-381E7756BDD7}.Debug|Any CPU.ActiveCfg = Debug|Any CPU
		{5EF3F481-CF17-4737-BAA1-381E7756BDD7}.Debug|Any CPU.Build.0 = Debug|Any CPU
		{5EF3F481-CF17-4737-BAA1-381E7756BDD7}.Release|Any CPU.ActiveCfg = Release|Any CPU
		{5EF3F481-CF17-4737-BAA1-381E7756BDD7}.Release|Any CPU.Build.0 = Release|Any CPU
		{60CC4E55-AF95-451C-BFBF-D2B15D6F061E}.Debug|Any CPU.ActiveCfg = Debug|Any CPU
		{60CC4E55-AF95-451C-BFBF-D2B15D6F061E}.Debug|Any CPU.Build.0 = Debug|Any CPU
		{60CC4E55-AF95-451C-BFBF-D2B15D6F061E}.Release|Any CPU.ActiveCfg = Release|Any CPU
		{60CC4E55-AF95-451C-BFBF-D2B15D6F061E}.Release|Any CPU.Build.0 = Release|Any CPU
		{E49F0675-7E7B-42EE-A8F4-E4176405CC9B}.Debug|Any CPU.ActiveCfg = Debug|Any CPU
		{E49F0675-7E7B-42EE-A8F4-E4176405CC9B}.Debug|Any CPU.Build.0 = Debug|Any CPU
		{E49F0675-7E7B-42EE-A8F4-E4176405CC9B}.Release|Any CPU.ActiveCfg = Release|Any CPU
		{E49F0675-7E7B-42EE-A8F4-E4176405CC9B}.Release|Any CPU.Build.0 = Release|Any CPU
		{809EE708-6AC0-45D4-AECD-3ABE8ED69617}.Debug|Any CPU.ActiveCfg = Debug|Any CPU
		{809EE708-6AC0-45D4-AECD-3ABE8ED69617}.Debug|Any CPU.Build.0 = Debug|Any CPU
		{809EE708-6AC0-45D4-AECD-3ABE8ED69617}.Release|Any CPU.ActiveCfg = Release|Any CPU
		{809EE708-6AC0-45D4-AECD-3ABE8ED69617}.Release|Any CPU.Build.0 = Release|Any CPU
		{B656D03D-D47F-4A80-9D44-2525A6B2752C}.Debug|Any CPU.ActiveCfg = Debug|Any CPU
		{B656D03D-D47F-4A80-9D44-2525A6B2752C}.Debug|Any CPU.Build.0 = Debug|Any CPU
		{B656D03D-D47F-4A80-9D44-2525A6B2752C}.Release|Any CPU.ActiveCfg = Release|Any CPU
		{B656D03D-D47F-4A80-9D44-2525A6B2752C}.Release|Any CPU.Build.0 = Release|Any CPU
		{EBF5C738-E490-487D-8D76-D13B8684187A}.Debug|Any CPU.ActiveCfg = Debug|Any CPU
		{EBF5C738-E490-487D-8D76-D13B8684187A}.Debug|Any CPU.Build.0 = Debug|Any CPU
		{EBF5C738-E490-487D-8D76-D13B8684187A}.Release|Any CPU.ActiveCfg = Release|Any CPU
		{EBF5C738-E490-487D-8D76-D13B8684187A}.Release|Any CPU.Build.0 = Release|Any CPU
		{A1033F4A-92B5-446E-92BC-6E99F8F92B5B}.Debug|Any CPU.ActiveCfg = Debug|Any CPU
		{A1033F4A-92B5-446E-92BC-6E99F8F92B5B}.Debug|Any CPU.Build.0 = Debug|Any CPU
		{A1033F4A-92B5-446E-92BC-6E99F8F92B5B}.Release|Any CPU.ActiveCfg = Release|Any CPU
		{A1033F4A-92B5-446E-92BC-6E99F8F92B5B}.Release|Any CPU.Build.0 = Release|Any CPU
		{DFEA5FB7-52CB-427E-8013-E122FCA15444}.Debug|Any CPU.ActiveCfg = Debug|Any CPU
		{DFEA5FB7-52CB-427E-8013-E122FCA15444}.Debug|Any CPU.Build.0 = Debug|Any CPU
		{DFEA5FB7-52CB-427E-8013-E122FCA15444}.Release|Any CPU.ActiveCfg = Release|Any CPU
		{DFEA5FB7-52CB-427E-8013-E122FCA15444}.Release|Any CPU.Build.0 = Release|Any CPU
		{AE087939-E35B-4AE4-8A9F-E921CCB996DD}.Debug|Any CPU.ActiveCfg = Debug|Any CPU
		{AE087939-E35B-4AE4-8A9F-E921CCB996DD}.Debug|Any CPU.Build.0 = Debug|Any CPU
		{AE087939-E35B-4AE4-8A9F-E921CCB996DD}.Release|Any CPU.ActiveCfg = Release|Any CPU
		{AE087939-E35B-4AE4-8A9F-E921CCB996DD}.Release|Any CPU.Build.0 = Release|Any CPU
		{4EAB35E0-F22F-4717-A26E-D7D424FC2869}.Debug|Any CPU.ActiveCfg = Debug|Any CPU
		{4EAB35E0-F22F-4717-A26E-D7D424FC2869}.Debug|Any CPU.Build.0 = Debug|Any CPU
		{4EAB35E0-F22F-4717-A26E-D7D424FC2869}.Release|Any CPU.ActiveCfg = Release|Any CPU
		{4EAB35E0-F22F-4717-A26E-D7D424FC2869}.Release|Any CPU.Build.0 = Release|Any CPU
		{8F1A77AF-6A58-441F-8EFA-8570C3D28658}.Debug|Any CPU.ActiveCfg = Debug|Any CPU
		{8F1A77AF-6A58-441F-8EFA-8570C3D28658}.Debug|Any CPU.Build.0 = Debug|Any CPU
		{8F1A77AF-6A58-441F-8EFA-8570C3D28658}.Release|Any CPU.ActiveCfg = Release|Any CPU
		{8F1A77AF-6A58-441F-8EFA-8570C3D28658}.Release|Any CPU.Build.0 = Release|Any CPU
	EndGlobalSection
	GlobalSection(SolutionProperties) = preSolution
		HideSolutionNode = FALSE
	EndGlobalSection
	GlobalSection(ExtensibilityGlobals) = postSolution
		SolutionGuid = {9DE32609-5615-4E36-A7E3-CE972BCC1130}
	EndGlobalSection
EndGlobal
