
Microsoft Visual Studio Solution File, Format Version 12.00
# Visual Studio Version 17
VisualStudioVersion = 17.0.32112.339
MinimumVisualStudioVersion = 10.0.40219.1
Project("{8BC9CEB8-8B4A-11D0-8D11-00A0C91BC942}") = "First_C++_project", "First_C++_project\First_C++_project.vcxproj", "{B01C0AA4-A468-4984-82C7-0DEF6BCC1D55}"
EndProject
Global
	GlobalSection(SolutionConfigurationPlatforms) = preSolution
		Debug|x64 = Debug|x64
		Debug|x86 = Debug|x86
		Release|x64 = Release|x64
		Release|x86 = Release|x86
	EndGlobalSection
	GlobalSection(ProjectConfigurationPlatforms) = postSolution
		{B01C0AA4-A468-4984-82C7-0DEF6BCC1D55}.Debug|x64.ActiveCfg = Debug|x64
		{B01C0AA4-A468-4984-82C7-0DEF6BCC1D55}.Debug|x64.Build.0 = Debug|x64
		{B01C0AA4-A468-4984-82C7-0DEF6BCC1D55}.Debug|x86.ActiveCfg = Debug|Win32
		{B01C0AA4-A468-4984-82C7-0DEF6BCC1D55}.Debug|x86.Build.0 = Debug|Win32
		{B01C0AA4-A468-4984-82C7-0DEF6BCC1D55}.Release|x64.ActiveCfg = Release|x64
		{B01C0AA4-A468-4984-82C7-0DEF6BCC1D55}.Release|x64.Build.0 = Release|x64
		{B01C0AA4-A468-4984-82C7-0DEF6BCC1D55}.Release|x86.ActiveCfg = Release|Win32
		{B01C0AA4-A468-4984-82C7-0DEF6BCC1D55}.Release|x86.Build.0 = Release|Win32
	EndGlobalSection
	GlobalSection(SolutionProperties) = preSolution
		HideSolutionNode = FALSE
	EndGlobalSection
	GlobalSection(ExtensibilityGlobals) = postSolution
		SolutionGuid = {490431DA-E079-4078-84EF-CEFA27130C46}
	EndGlobalSection
EndGlobal
