
Microsoft Visual Studio Solution File, Format Version 12.00
# Visual Studio Version 17
VisualStudioVersion = 17.1.32210.238
MinimumVisualStudioVersion = 10.0.40219.1
Project("{FAE04EC0-301F-11D3-BF4B-00C04F79EFBC}") = "Seminar3", "Seminar3.csproj", "{FB7431C0-B3FA-4FDD-96AF-45708CFF988E}"
EndProject
Project("{9A19103F-16F7-4668-BE54-9A1E7A4F7556}") = "AddTask1", "..\AddTask1\AddTask1.csproj", "{5211FD53-9C5F-4A80-9616-1A145805C5AA}"
EndProject
Project("{9A19103F-16F7-4668-BE54-9A1E7A4F7556}") = "AddTask3", "..\AddTask2\AddTask3.csproj", "{C602FD7D-4755-4F30-BB0B-CE72CC10B3ED}"
EndProject
Project("{9A19103F-16F7-4668-BE54-9A1E7A4F7556}") = "AddTask2and4", "..\AddTask3\AddTask2and4.csproj", "{A9831274-C114-42F5-9066-F032ED7BD1A8}"
EndProject
Project("{9A19103F-16F7-4668-BE54-9A1E7A4F7556}") = "AddTask5", "..\AddTask5\AddTask5.csproj", "{D7540F03-172E-46CC-9928-D9ECAF750CA2}"
EndProject
Project("{9A19103F-16F7-4668-BE54-9A1E7A4F7556}") = "AddTask6", "..\AddTask6\AddTask6.csproj", "{9A236172-9D2A-4987-A861-F790C92F8240}"
EndProject
Project("{9A19103F-16F7-4668-BE54-9A1E7A4F7556}") = "AddTask7", "..\AddTask7\AddTask7.csproj", "{93985C33-DC49-4068-92B7-938F04F5D656}"
EndProject
Project("{9A19103F-16F7-4668-BE54-9A1E7A4F7556}") = "AddTask8", "..\AddTask8\AddTask8.csproj", "{7762E84A-4A8E-4A9F-BE38-50C75BB6E66C}"
EndProject
Project("{9A19103F-16F7-4668-BE54-9A1E7A4F7556}") = "AddTask9", "..\AddTask9\AddTask9.csproj", "{9761BA11-54E8-4803-BE9B-60465E9C2324}"
EndProject
Project("{9A19103F-16F7-4668-BE54-9A1E7A4F7556}") = "AddTask10", "..\AddTask10\AddTask10.csproj", "{2D33C890-B8C9-44AA-96F5-02C53DC620E1}"
EndProject
Project("{9A19103F-16F7-4668-BE54-9A1E7A4F7556}") = "Sem3HomeTask3", "..\Sem3HomeTask3\Sem3HomeTask3.csproj", "{4084C87F-D3A5-446F-BB9F-9AEBAD298DCE}"
EndProject
Project("{9A19103F-16F7-4668-BE54-9A1E7A4F7556}") = "Sem3HomeTask1v1", "..\Sem3Task1v1\Sem3HomeTask1v1.csproj", "{01C667EB-698C-4C5F-AB3B-4A05BB16CA42}"
EndProject
Project("{9A19103F-16F7-4668-BE54-9A1E7A4F7556}") = "Sem3HomeTask1v2", "..\Sem3Task1v2\Sem3HomeTask1v2.csproj", "{0ACBEE46-4B2F-43F8-B406-DF9263925F96}"
EndProject
Project("{9A19103F-16F7-4668-BE54-9A1E7A4F7556}") = "Sem3HomeTask2", "..\Sem3Task2\Sem3HomeTask2.csproj", "{C3CA4E49-76A9-402B-A264-D15BF252270E}"
EndProject
Project("{9A19103F-16F7-4668-BE54-9A1E7A4F7556}") = "Task8", "..\Task8\Task8.csproj", "{7F5213FD-5828-4666-BD5A-228F76724771}"
EndProject
Project("{9A19103F-16F7-4668-BE54-9A1E7A4F7556}") = "Task10", "..\Task10\Task10.csproj", "{649C3A7B-F86A-4233-B530-769611FABC67}"
EndProject
Project("{9A19103F-16F7-4668-BE54-9A1E7A4F7556}") = "Task19", "..\Task19\Task19.csproj", "{6FC6E3FF-E8BE-49C3-894E-64508EE5BD53}"
EndProject
Project("{9A19103F-16F7-4668-BE54-9A1E7A4F7556}") = "Task21", "..\Task21\Task21.csproj", "{881F7F70-97AE-4423-8490-C429963B8B36}"
EndProject
Project("{9A19103F-16F7-4668-BE54-9A1E7A4F7556}") = "Task23", "..\Task23\Task23.csproj", "{2C1D32CA-6CD7-4774-BFA5-580A457E2C34}"
EndProject
Global
	GlobalSection(SolutionConfigurationPlatforms) = preSolution
		Debug|Any CPU = Debug|Any CPU
		Release|Any CPU = Release|Any CPU
	EndGlobalSection
	GlobalSection(ProjectConfigurationPlatforms) = postSolution
		{FB7431C0-B3FA-4FDD-96AF-45708CFF988E}.Debug|Any CPU.ActiveCfg = Debug|Any CPU
		{FB7431C0-B3FA-4FDD-96AF-45708CFF988E}.Debug|Any CPU.Build.0 = Debug|Any CPU
		{FB7431C0-B3FA-4FDD-96AF-45708CFF988E}.Release|Any CPU.ActiveCfg = Release|Any CPU
		{FB7431C0-B3FA-4FDD-96AF-45708CFF988E}.Release|Any CPU.Build.0 = Release|Any CPU
		{5211FD53-9C5F-4A80-9616-1A145805C5AA}.Debug|Any CPU.ActiveCfg = Debug|Any CPU
		{5211FD53-9C5F-4A80-9616-1A145805C5AA}.Debug|Any CPU.Build.0 = Debug|Any CPU
		{5211FD53-9C5F-4A80-9616-1A145805C5AA}.Release|Any CPU.ActiveCfg = Release|Any CPU
		{5211FD53-9C5F-4A80-9616-1A145805C5AA}.Release|Any CPU.Build.0 = Release|Any CPU
		{C602FD7D-4755-4F30-BB0B-CE72CC10B3ED}.Debug|Any CPU.ActiveCfg = Debug|Any CPU
		{C602FD7D-4755-4F30-BB0B-CE72CC10B3ED}.Debug|Any CPU.Build.0 = Debug|Any CPU
		{C602FD7D-4755-4F30-BB0B-CE72CC10B3ED}.Release|Any CPU.ActiveCfg = Release|Any CPU
		{C602FD7D-4755-4F30-BB0B-CE72CC10B3ED}.Release|Any CPU.Build.0 = Release|Any CPU
		{A9831274-C114-42F5-9066-F032ED7BD1A8}.Debug|Any CPU.ActiveCfg = Debug|Any CPU
		{A9831274-C114-42F5-9066-F032ED7BD1A8}.Debug|Any CPU.Build.0 = Debug|Any CPU
		{A9831274-C114-42F5-9066-F032ED7BD1A8}.Release|Any CPU.ActiveCfg = Release|Any CPU
		{A9831274-C114-42F5-9066-F032ED7BD1A8}.Release|Any CPU.Build.0 = Release|Any CPU
		{D7540F03-172E-46CC-9928-D9ECAF750CA2}.Debug|Any CPU.ActiveCfg = Debug|Any CPU
		{D7540F03-172E-46CC-9928-D9ECAF750CA2}.Debug|Any CPU.Build.0 = Debug|Any CPU
		{D7540F03-172E-46CC-9928-D9ECAF750CA2}.Release|Any CPU.ActiveCfg = Release|Any CPU
		{D7540F03-172E-46CC-9928-D9ECAF750CA2}.Release|Any CPU.Build.0 = Release|Any CPU
		{9A236172-9D2A-4987-A861-F790C92F8240}.Debug|Any CPU.ActiveCfg = Debug|Any CPU
		{9A236172-9D2A-4987-A861-F790C92F8240}.Debug|Any CPU.Build.0 = Debug|Any CPU
		{9A236172-9D2A-4987-A861-F790C92F8240}.Release|Any CPU.ActiveCfg = Release|Any CPU
		{9A236172-9D2A-4987-A861-F790C92F8240}.Release|Any CPU.Build.0 = Release|Any CPU
		{93985C33-DC49-4068-92B7-938F04F5D656}.Debug|Any CPU.ActiveCfg = Debug|Any CPU
		{93985C33-DC49-4068-92B7-938F04F5D656}.Debug|Any CPU.Build.0 = Debug|Any CPU
		{93985C33-DC49-4068-92B7-938F04F5D656}.Release|Any CPU.ActiveCfg = Release|Any CPU
		{93985C33-DC49-4068-92B7-938F04F5D656}.Release|Any CPU.Build.0 = Release|Any CPU
		{7762E84A-4A8E-4A9F-BE38-50C75BB6E66C}.Debug|Any CPU.ActiveCfg = Debug|Any CPU
		{7762E84A-4A8E-4A9F-BE38-50C75BB6E66C}.Debug|Any CPU.Build.0 = Debug|Any CPU
		{7762E84A-4A8E-4A9F-BE38-50C75BB6E66C}.Release|Any CPU.ActiveCfg = Release|Any CPU
		{7762E84A-4A8E-4A9F-BE38-50C75BB6E66C}.Release|Any CPU.Build.0 = Release|Any CPU
		{9761BA11-54E8-4803-BE9B-60465E9C2324}.Debug|Any CPU.ActiveCfg = Debug|Any CPU
		{9761BA11-54E8-4803-BE9B-60465E9C2324}.Debug|Any CPU.Build.0 = Debug|Any CPU
		{9761BA11-54E8-4803-BE9B-60465E9C2324}.Release|Any CPU.ActiveCfg = Release|Any CPU
		{9761BA11-54E8-4803-BE9B-60465E9C2324}.Release|Any CPU.Build.0 = Release|Any CPU
		{2D33C890-B8C9-44AA-96F5-02C53DC620E1}.Debug|Any CPU.ActiveCfg = Debug|Any CPU
		{2D33C890-B8C9-44AA-96F5-02C53DC620E1}.Debug|Any CPU.Build.0 = Debug|Any CPU
		{2D33C890-B8C9-44AA-96F5-02C53DC620E1}.Release|Any CPU.ActiveCfg = Release|Any CPU
		{2D33C890-B8C9-44AA-96F5-02C53DC620E1}.Release|Any CPU.Build.0 = Release|Any CPU
		{4084C87F-D3A5-446F-BB9F-9AEBAD298DCE}.Debug|Any CPU.ActiveCfg = Debug|Any CPU
		{4084C87F-D3A5-446F-BB9F-9AEBAD298DCE}.Debug|Any CPU.Build.0 = Debug|Any CPU
		{4084C87F-D3A5-446F-BB9F-9AEBAD298DCE}.Release|Any CPU.ActiveCfg = Release|Any CPU
		{4084C87F-D3A5-446F-BB9F-9AEBAD298DCE}.Release|Any CPU.Build.0 = Release|Any CPU
		{01C667EB-698C-4C5F-AB3B-4A05BB16CA42}.Debug|Any CPU.ActiveCfg = Debug|Any CPU
		{01C667EB-698C-4C5F-AB3B-4A05BB16CA42}.Debug|Any CPU.Build.0 = Debug|Any CPU
		{01C667EB-698C-4C5F-AB3B-4A05BB16CA42}.Release|Any CPU.ActiveCfg = Release|Any CPU
		{01C667EB-698C-4C5F-AB3B-4A05BB16CA42}.Release|Any CPU.Build.0 = Release|Any CPU
		{0ACBEE46-4B2F-43F8-B406-DF9263925F96}.Debug|Any CPU.ActiveCfg = Debug|Any CPU
		{0ACBEE46-4B2F-43F8-B406-DF9263925F96}.Debug|Any CPU.Build.0 = Debug|Any CPU
		{0ACBEE46-4B2F-43F8-B406-DF9263925F96}.Release|Any CPU.ActiveCfg = Release|Any CPU
		{0ACBEE46-4B2F-43F8-B406-DF9263925F96}.Release|Any CPU.Build.0 = Release|Any CPU
		{C3CA4E49-76A9-402B-A264-D15BF252270E}.Debug|Any CPU.ActiveCfg = Debug|Any CPU
		{C3CA4E49-76A9-402B-A264-D15BF252270E}.Debug|Any CPU.Build.0 = Debug|Any CPU
		{C3CA4E49-76A9-402B-A264-D15BF252270E}.Release|Any CPU.ActiveCfg = Release|Any CPU
		{C3CA4E49-76A9-402B-A264-D15BF252270E}.Release|Any CPU.Build.0 = Release|Any CPU
		{7F5213FD-5828-4666-BD5A-228F76724771}.Debug|Any CPU.ActiveCfg = Debug|Any CPU
		{7F5213FD-5828-4666-BD5A-228F76724771}.Debug|Any CPU.Build.0 = Debug|Any CPU
		{7F5213FD-5828-4666-BD5A-228F76724771}.Release|Any CPU.ActiveCfg = Release|Any CPU
		{7F5213FD-5828-4666-BD5A-228F76724771}.Release|Any CPU.Build.0 = Release|Any CPU
		{649C3A7B-F86A-4233-B530-769611FABC67}.Debug|Any CPU.ActiveCfg = Debug|Any CPU
		{649C3A7B-F86A-4233-B530-769611FABC67}.Debug|Any CPU.Build.0 = Debug|Any CPU
		{649C3A7B-F86A-4233-B530-769611FABC67}.Release|Any CPU.ActiveCfg = Release|Any CPU
		{649C3A7B-F86A-4233-B530-769611FABC67}.Release|Any CPU.Build.0 = Release|Any CPU
		{6FC6E3FF-E8BE-49C3-894E-64508EE5BD53}.Debug|Any CPU.ActiveCfg = Debug|Any CPU
		{6FC6E3FF-E8BE-49C3-894E-64508EE5BD53}.Debug|Any CPU.Build.0 = Debug|Any CPU
		{6FC6E3FF-E8BE-49C3-894E-64508EE5BD53}.Release|Any CPU.ActiveCfg = Release|Any CPU
		{6FC6E3FF-E8BE-49C3-894E-64508EE5BD53}.Release|Any CPU.Build.0 = Release|Any CPU
		{881F7F70-97AE-4423-8490-C429963B8B36}.Debug|Any CPU.ActiveCfg = Debug|Any CPU
		{881F7F70-97AE-4423-8490-C429963B8B36}.Debug|Any CPU.Build.0 = Debug|Any CPU
		{881F7F70-97AE-4423-8490-C429963B8B36}.Release|Any CPU.ActiveCfg = Release|Any CPU
		{881F7F70-97AE-4423-8490-C429963B8B36}.Release|Any CPU.Build.0 = Release|Any CPU
		{2C1D32CA-6CD7-4774-BFA5-580A457E2C34}.Debug|Any CPU.ActiveCfg = Debug|Any CPU
		{2C1D32CA-6CD7-4774-BFA5-580A457E2C34}.Debug|Any CPU.Build.0 = Debug|Any CPU
		{2C1D32CA-6CD7-4774-BFA5-580A457E2C34}.Release|Any CPU.ActiveCfg = Release|Any CPU
		{2C1D32CA-6CD7-4774-BFA5-580A457E2C34}.Release|Any CPU.Build.0 = Release|Any CPU
	EndGlobalSection
	GlobalSection(SolutionProperties) = preSolution
		HideSolutionNode = FALSE
	EndGlobalSection
	GlobalSection(ExtensibilityGlobals) = postSolution
		SolutionGuid = {475F6818-26B1-4E16-A1CE-5A9352948C5C}
	EndGlobalSection
EndGlobal
