
Microsoft Visual Studio Solution File, Format Version 12.00
# Visual Studio Version 17
VisualStudioVersion = 17.1.32210.238
MinimumVisualStudioVersion = 10.0.40219.1
Project("{FAE04EC0-301F-11D3-BF4B-00C04F79EFBC}") = "RecursiveWayOfSolving", "RecursiveWayOfSolving.csproj", "{00292D72-B671-41C9-8D40-4912D36D44E4}"
EndProject
Project("{FAE04EC0-301F-11D3-BF4B-00C04F79EFBC}") = "KeepSmitty", "..\KeepSmitty\KeepSmitty.csproj", "{B97F43B4-3E80-4974-80A9-52D1FFB7CBD7}"
EndProject
Project("{FAE04EC0-301F-11D3-BF4B-00C04F79EFBC}") = "Task64X", "..\Task64X\Task64X.csproj", "{AE8ECCC7-D3C4-415B-B032-96ECCBBF7FF0}"
EndProject
Project("{FAE04EC0-301F-11D3-BF4B-00C04F79EFBC}") = "TaskFromLocus", "..\TaskFromLocus\TaskFromLocus.csproj", "{69E7BAF8-6F7A-4ACD-AB7B-487E8C623823}"
EndProject
Project("{FAE04EC0-301F-11D3-BF4B-00C04F79EFBC}") = "TaskZ", "..\TaskZ\TaskZ.csproj", "{2ECDF23C-00E3-484E-81D3-90423E712D8B}"
EndProject
Global
	GlobalSection(SolutionConfigurationPlatforms) = preSolution
		Debug|Any CPU = Debug|Any CPU
		Release|Any CPU = Release|Any CPU
	EndGlobalSection
	GlobalSection(ProjectConfigurationPlatforms) = postSolution
		{00292D72-B671-41C9-8D40-4912D36D44E4}.Debug|Any CPU.ActiveCfg = Debug|Any CPU
		{00292D72-B671-41C9-8D40-4912D36D44E4}.Debug|Any CPU.Build.0 = Debug|Any CPU
		{00292D72-B671-41C9-8D40-4912D36D44E4}.Release|Any CPU.ActiveCfg = Release|Any CPU
		{00292D72-B671-41C9-8D40-4912D36D44E4}.Release|Any CPU.Build.0 = Release|Any CPU
		{B97F43B4-3E80-4974-80A9-52D1FFB7CBD7}.Debug|Any CPU.ActiveCfg = Debug|Any CPU
		{B97F43B4-3E80-4974-80A9-52D1FFB7CBD7}.Debug|Any CPU.Build.0 = Debug|Any CPU
		{B97F43B4-3E80-4974-80A9-52D1FFB7CBD7}.Release|Any CPU.ActiveCfg = Release|Any CPU
		{B97F43B4-3E80-4974-80A9-52D1FFB7CBD7}.Release|Any CPU.Build.0 = Release|Any CPU
		{AE8ECCC7-D3C4-415B-B032-96ECCBBF7FF0}.Debug|Any CPU.ActiveCfg = Debug|Any CPU
		{AE8ECCC7-D3C4-415B-B032-96ECCBBF7FF0}.Debug|Any CPU.Build.0 = Debug|Any CPU
		{AE8ECCC7-D3C4-415B-B032-96ECCBBF7FF0}.Release|Any CPU.ActiveCfg = Release|Any CPU
		{AE8ECCC7-D3C4-415B-B032-96ECCBBF7FF0}.Release|Any CPU.Build.0 = Release|Any CPU
		{69E7BAF8-6F7A-4ACD-AB7B-487E8C623823}.Debug|Any CPU.ActiveCfg = Debug|Any CPU
		{69E7BAF8-6F7A-4ACD-AB7B-487E8C623823}.Debug|Any CPU.Build.0 = Debug|Any CPU
		{69E7BAF8-6F7A-4ACD-AB7B-487E8C623823}.Release|Any CPU.ActiveCfg = Release|Any CPU
		{69E7BAF8-6F7A-4ACD-AB7B-487E8C623823}.Release|Any CPU.Build.0 = Release|Any CPU
		{2ECDF23C-00E3-484E-81D3-90423E712D8B}.Debug|Any CPU.ActiveCfg = Debug|Any CPU
		{2ECDF23C-00E3-484E-81D3-90423E712D8B}.Debug|Any CPU.Build.0 = Debug|Any CPU
		{2ECDF23C-00E3-484E-81D3-90423E712D8B}.Release|Any CPU.ActiveCfg = Release|Any CPU
		{2ECDF23C-00E3-484E-81D3-90423E712D8B}.Release|Any CPU.Build.0 = Release|Any CPU
	EndGlobalSection
	GlobalSection(SolutionProperties) = preSolution
		HideSolutionNode = FALSE
	EndGlobalSection
	GlobalSection(ExtensibilityGlobals) = postSolution
		SolutionGuid = {9AABAEF3-0DDF-4922-BC55-59FE60015C4B}
	EndGlobalSection
EndGlobal
