
Microsoft Visual Studio Solution File, Format Version 12.00
# Visual Studio Version 17
VisualStudioVersion = 17.1.32210.238
MinimumVisualStudioVersion = 10.0.40219.1
Project("{9A19103F-16F7-4668-BE54-9A1E7A4F7556}") = "Task66", "Task66\Task66.csproj", "{F654F507-795D-4084-938D-ABE02DCA856A}"
EndProject
Project("{9A19103F-16F7-4668-BE54-9A1E7A4F7556}") = "Task64", "Task64\Task64.csproj", "{5B41AA4F-6206-4464-BD8B-971621E8AB04}"
EndProject
Project("{9A19103F-16F7-4668-BE54-9A1E7A4F7556}") = "Task71", "Task71\Task71.csproj", "{9F42EBC2-F6D8-484E-A241-CC654E39031C}"
EndProject
Project("{FAE04EC0-301F-11D3-BF4B-00C04F79EFBC}") = "AddTask1", "AddTask1\AddTask1.csproj", "{87CB9141-6392-4510-ACF5-8428C8377B72}"
EndProject
Project("{FAE04EC0-301F-11D3-BF4B-00C04F79EFBC}") = "AddTask2", "AddTask2\AddTask2.csproj", "{03E9600F-273D-4758-A1A0-1C0438EC95BA}"
EndProject
Project("{FAE04EC0-301F-11D3-BF4B-00C04F79EFBC}") = "AddTask3", "AddTask3\AddTask3.csproj", "{35D7F29C-9B01-42F0-8632-3BF27ECA29C5}"
EndProject
Global
	GlobalSection(SolutionConfigurationPlatforms) = preSolution
		Debug|Any CPU = Debug|Any CPU
		Release|Any CPU = Release|Any CPU
	EndGlobalSection
	GlobalSection(ProjectConfigurationPlatforms) = postSolution
		{F654F507-795D-4084-938D-ABE02DCA856A}.Debug|Any CPU.ActiveCfg = Debug|Any CPU
		{F654F507-795D-4084-938D-ABE02DCA856A}.Debug|Any CPU.Build.0 = Debug|Any CPU
		{F654F507-795D-4084-938D-ABE02DCA856A}.Release|Any CPU.ActiveCfg = Release|Any CPU
		{F654F507-795D-4084-938D-ABE02DCA856A}.Release|Any CPU.Build.0 = Release|Any CPU
		{5B41AA4F-6206-4464-BD8B-971621E8AB04}.Debug|Any CPU.ActiveCfg = Debug|Any CPU
		{5B41AA4F-6206-4464-BD8B-971621E8AB04}.Debug|Any CPU.Build.0 = Debug|Any CPU
		{5B41AA4F-6206-4464-BD8B-971621E8AB04}.Release|Any CPU.ActiveCfg = Release|Any CPU
		{5B41AA4F-6206-4464-BD8B-971621E8AB04}.Release|Any CPU.Build.0 = Release|Any CPU
		{9F42EBC2-F6D8-484E-A241-CC654E39031C}.Debug|Any CPU.ActiveCfg = Debug|Any CPU
		{9F42EBC2-F6D8-484E-A241-CC654E39031C}.Debug|Any CPU.Build.0 = Debug|Any CPU
		{9F42EBC2-F6D8-484E-A241-CC654E39031C}.Release|Any CPU.ActiveCfg = Release|Any CPU
		{9F42EBC2-F6D8-484E-A241-CC654E39031C}.Release|Any CPU.Build.0 = Release|Any CPU
		{87CB9141-6392-4510-ACF5-8428C8377B72}.Debug|Any CPU.ActiveCfg = Debug|Any CPU
		{87CB9141-6392-4510-ACF5-8428C8377B72}.Debug|Any CPU.Build.0 = Debug|Any CPU
		{87CB9141-6392-4510-ACF5-8428C8377B72}.Release|Any CPU.ActiveCfg = Release|Any CPU
		{87CB9141-6392-4510-ACF5-8428C8377B72}.Release|Any CPU.Build.0 = Release|Any CPU
		{03E9600F-273D-4758-A1A0-1C0438EC95BA}.Debug|Any CPU.ActiveCfg = Debug|Any CPU
		{03E9600F-273D-4758-A1A0-1C0438EC95BA}.Debug|Any CPU.Build.0 = Debug|Any CPU
		{03E9600F-273D-4758-A1A0-1C0438EC95BA}.Release|Any CPU.ActiveCfg = Release|Any CPU
		{03E9600F-273D-4758-A1A0-1C0438EC95BA}.Release|Any CPU.Build.0 = Release|Any CPU
		{35D7F29C-9B01-42F0-8632-3BF27ECA29C5}.Debug|Any CPU.ActiveCfg = Debug|Any CPU
		{35D7F29C-9B01-42F0-8632-3BF27ECA29C5}.Debug|Any CPU.Build.0 = Debug|Any CPU
		{35D7F29C-9B01-42F0-8632-3BF27ECA29C5}.Release|Any CPU.ActiveCfg = Release|Any CPU
		{35D7F29C-9B01-42F0-8632-3BF27ECA29C5}.Release|Any CPU.Build.0 = Release|Any CPU
	EndGlobalSection
	GlobalSection(SolutionProperties) = preSolution
		HideSolutionNode = FALSE
	EndGlobalSection
	GlobalSection(ExtensibilityGlobals) = postSolution
		SolutionGuid = {749B15DB-0728-4012-AFB0-1D3BA017CD10}
	EndGlobalSection
EndGlobal
